// !$*UTF8*$!
{
	archiveVersion = 1;
	classes = {
	};
	objectVersion = 46;
	objects = {

/* Begin PBXBuildFile section */
		320AF8492C47A4D819F7C451 /* QuartzCore.framework in Frameworks */ = {isa = PBXBuildFile; fileRef = 320AF8492C47A4D819F7C450 /* QuartzCore.framework */; };
		5F1F9779135C6FC1007EB84C /* SSToolkit.bundle in Resources */ = {isa = PBXBuildFile; fileRef = 5F1F9778135C6FC0007EB84C /* SSToolkit.bundle */; };
		5F1F97C5135C7417007EB84C /* libSSToolkit.a in Frameworks */ = {isa = PBXBuildFile; fileRef = 5F1F97C4135C7416007EB84C /* libSSToolkit.a */; };
		5F75744413400E1000C82F3B /* UIKit.framework in Frameworks */ = {isa = PBXBuildFile; fileRef = 5F75744313400E1000C82F3B /* UIKit.framework */; };
		5F75744613400E1000C82F3B /* Foundation.framework in Frameworks */ = {isa = PBXBuildFile; fileRef = 5F75744513400E1000C82F3B /* Foundation.framework */; };
		5F75744813400E1000C82F3B /* CoreGraphics.framework in Frameworks */ = {isa = PBXBuildFile; fileRef = 5F75744713400E1000C82F3B /* CoreGraphics.framework */; };
		5F75744E13400E1000C82F3B /* InfoPlist.strings in Resources */ = {isa = PBXBuildFile; fileRef = 5F75744C13400E1000C82F3B /* InfoPlist.strings */; };
		5F75745113400E1000C82F3B /* main.m in Sources */ = {isa = PBXBuildFile; fileRef = 5F75745013400E1000C82F3B /* main.m */; };
		5F75745713400E1000C82F3B /* MainWindow.xib in Resources */ = {isa = PBXBuildFile; fileRef = 5F75745513400E1000C82F3B /* MainWindow.xib */; };
		5F75745D13400E1000C82F3B /* bggViewController.xib in Resources */ = {isa = PBXBuildFile; fileRef = 5F75745B13400E1000C82F3B /* bggViewController.xib */; };
		5F75759B134142E200C82F3B /* Icon.png in Resources */ = {isa = PBXBuildFile; fileRef = 5F75759A134142E200C82F3B /* Icon.png */; };
		5F75759E1341449C00C82F3B /* BGGAppDelegate.m in Sources */ = {isa = PBXBuildFile; fileRef = 5F75759D1341449C00C82F3B /* BGGAppDelegate.m */; };
		5F7575A1134144C100C82F3B /* BGGViewController.m in Sources */ = {isa = PBXBuildFile; fileRef = 5F7575A0134144C100C82F3B /* BGGViewController.m */; };
		5F7575B61341456800C82F3B /* Globals.m in Sources */ = {isa = PBXBuildFile; fileRef = 5F7575B51341456700C82F3B /* Globals.m */; };
		5F7575E0134166DA00C82F3B /* BreadcrumbView.xib in Resources */ = {isa = PBXBuildFile; fileRef = 5F7575DD134166DA00C82F3B /* BreadcrumbView.xib */; };
		5F7575E1134166DA00C82F3B /* BreadcrumbViewController.m in Sources */ = {isa = PBXBuildFile; fileRef = 5F7575DF134166DA00C82F3B /* BreadcrumbViewController.m */; };
		5F7575E4134166F700C82F3B /* StackSegmentedControl.m in Sources */ = {isa = PBXBuildFile; fileRef = 5F7575E3134166F700C82F3B /* StackSegmentedControl.m */; };
		5FCF6054135C45C300D9696E /* breadcrumb-back.png in Resources */ = {isa = PBXBuildFile; fileRef = 5FCF604A135C45C200D9696E /* breadcrumb-back.png */; };
		5FCF6055135C45C300D9696E /* breadcrumb-back@2x.png in Resources */ = {isa = PBXBuildFile; fileRef = 5FCF604B135C45C200D9696E /* breadcrumb-back@2x.png */; };
		5FCF6056135C45C300D9696E /* breadcrumb-home-selected.png in Resources */ = {isa = PBXBuildFile; fileRef = 5FCF604C135C45C200D9696E /* breadcrumb-home-selected.png */; };
		5FCF6057135C45C300D9696E /* breadcrumb-home-selected@2x.png in Resources */ = {isa = PBXBuildFile; fileRef = 5FCF604D135C45C200D9696E /* breadcrumb-home-selected@2x.png */; };
		5FCF6058135C45C300D9696E /* breadcrumb-home.png in Resources */ = {isa = PBXBuildFile; fileRef = 5FCF604E135C45C200D9696E /* breadcrumb-home.png */; };
		5FCF6059135C45C300D9696E /* breadcrumb-home@2x.png in Resources */ = {isa = PBXBuildFile; fileRef = 5FCF604F135C45C200D9696E /* breadcrumb-home@2x.png */; };
		5FCF605A135C45C300D9696E /* breadcrumb-step-selected.png in Resources */ = {isa = PBXBuildFile; fileRef = 5FCF6050135C45C200D9696E /* breadcrumb-step-selected.png */; };
		5FCF605B135C45C300D9696E /* breadcrumb-step-selected@2x.png in Resources */ = {isa = PBXBuildFile; fileRef = 5FCF6051135C45C300D9696E /* breadcrumb-step-selected@2x.png */; };
		5FCF605C135C45C300D9696E /* breadcrumb-step.png in Resources */ = {isa = PBXBuildFile; fileRef = 5FCF6052135C45C300D9696E /* breadcrumb-step.png */; };
		5FCF605D135C45C300D9696E /* breadcrumb-step@2x.png in Resources */ = {isa = PBXBuildFile; fileRef = 5FCF6053135C45C300D9696E /* breadcrumb-step@2x.png */; };
		5FCF6060135C45D600D9696E /* background.png in Resources */ = {isa = PBXBuildFile; fileRef = 5FCF605E135C45D600D9696E /* background.png */; };
		5FCF6061135C45D600D9696E /* background@2x.png in Resources */ = {isa = PBXBuildFile; fileRef = 5FCF605F135C45D600D9696E /* background@2x.png */; };
		5FDAAABD134CBDBC002C97E0 /* HomeViewController.m in Sources */ = {isa = PBXBuildFile; fileRef = 5FDAAABB134CBDBC002C97E0 /* HomeViewController.m */; };
		5FDAAABE134CBDBC002C97E0 /* HomeViewController.xib in Resources */ = {isa = PBXBuildFile; fileRef = 5FDAAABC134CBDBC002C97E0 /* HomeViewController.xib */; };
/* End PBXBuildFile section */

/* Begin PBXContainerItemProxy section */
		5F1F97BC135C7091007EB84C /* PBXContainerItemProxy */ = {
			isa = PBXContainerItemProxy;
			containerPortal = 5F1F97B3135C7090007EB84C /* SSToolkit.xcodeproj */;
			proxyType = 2;
			remoteGlobalIDString = D2AAC07E0554694100DB518D;
			remoteInfo = SSToolkit;
		};
		5F1F97BE135C7091007EB84C /* PBXContainerItemProxy */ = {
			isa = PBXContainerItemProxy;
			containerPortal = 5F1F97B3135C7090007EB84C /* SSToolkit.xcodeproj */;
			proxyType = 2;
			remoteGlobalIDString = B239101D1357DC3E00ADE21B;
			remoteInfo = SSToolkitTests;
		};
		5F1F97C0135C70AC007EB84C /* PBXContainerItemProxy */ = {
			isa = PBXContainerItemProxy;
			containerPortal = 5F1F97B3135C7090007EB84C /* SSToolkit.xcodeproj */;
			proxyType = 1;
			remoteGlobalIDString = D2AAC07D0554694100DB518D;
			remoteInfo = SSToolkit;
		};
/* End PBXContainerItemProxy section */

/* Begin PBXFileReference section */
		320AF8492C47A4D819F7C450 /* QuartzCore.framework */ = {isa = PBXFileReference; lastKnownFileType = wrapper.framework; name = QuartzCore.framework; path = System/Library/Frameworks/QuartzCore.framework; sourceTree = SDKROOT; };
		5F1F9778135C6FC0007EB84C /* SSToolkit.bundle */ = {isa = PBXFileReference; lastKnownFileType = "wrapper.plug-in"; name = SSToolkit.bundle; path = ../../../../libs/sstoolkit/Resources/SSToolkit.bundle; sourceTree = "<group>"; };
		5F1F97B3135C7090007EB84C /* SSToolkit.xcodeproj */ = {isa = PBXFileReference; lastKnownFileType = "wrapper.pb-project"; name = SSToolkit.xcodeproj; path = ../../libs/sstoolkit/SSToolkit.xcodeproj; sourceTree = "<group>"; };
		5F1F97C4135C7416007EB84C /* libSSToolkit.a */ = {isa = PBXFileReference; explicitFileType = archive.ar; path = libSSToolkit.a; sourceTree = SOURCE_ROOT; };
		5F75743F13400E1000C82F3B /* BGG.app */ = {isa = PBXFileReference; explicitFileType = wrapper.application; includeInIndex = 0; path = BGG.app; sourceTree = BUILT_PRODUCTS_DIR; };
		5F75744313400E1000C82F3B /* UIKit.framework */ = {isa = PBXFileReference; lastKnownFileType = wrapper.framework; name = UIKit.framework; path = System/Library/Frameworks/UIKit.framework; sourceTree = SDKROOT; };
		5F75744513400E1000C82F3B /* Foundation.framework */ = {isa = PBXFileReference; lastKnownFileType = wrapper.framework; name = Foundation.framework; path = System/Library/Frameworks/Foundation.framework; sourceTree = SDKROOT; };
		5F75744713400E1000C82F3B /* CoreGraphics.framework */ = {isa = PBXFileReference; lastKnownFileType = wrapper.framework; name = CoreGraphics.framework; path = System/Library/Frameworks/CoreGraphics.framework; sourceTree = SDKROOT; };
		5F75744B13400E1000C82F3B /* bgg-Info.plist */ = {isa = PBXFileReference; lastKnownFileType = text.plist.xml; path = "bgg-Info.plist"; sourceTree = "<group>"; };
		5F75744D13400E1000C82F3B /* en */ = {isa = PBXFileReference; lastKnownFileType = text.plist.strings; name = en; path = en.lproj/InfoPlist.strings; sourceTree = "<group>"; };
		5F75744F13400E1000C82F3B /* bgg-Prefix.pch */ = {isa = PBXFileReference; lastKnownFileType = sourcecode.c.h; path = "bgg-Prefix.pch"; sourceTree = "<group>"; };
		5F75745013400E1000C82F3B /* main.m */ = {isa = PBXFileReference; lastKnownFileType = sourcecode.c.objc; path = main.m; sourceTree = "<group>"; };
		5F75745613400E1000C82F3B /* en */ = {isa = PBXFileReference; lastKnownFileType = file.xib; name = en; path = en.lproj/MainWindow.xib; sourceTree = "<group>"; };
		5F75745C13400E1000C82F3B /* en */ = {isa = PBXFileReference; lastKnownFileType = file.xib; name = en; path = en.lproj/bggViewController.xib; sourceTree = "<group>"; };
		5F75759A134142E200C82F3B /* Icon.png */ = {isa = PBXFileReference; lastKnownFileType = image.png; path = Icon.png; sourceTree = "<group>"; };
		5F75759C1341449C00C82F3B /* BGGAppDelegate.h */ = {isa = PBXFileReference; fileEncoding = 4; lastKnownFileType = sourcecode.c.h; path = BGGAppDelegate.h; sourceTree = "<group>"; };
		5F75759D1341449C00C82F3B /* BGGAppDelegate.m */ = {isa = PBXFileReference; fileEncoding = 4; lastKnownFileType = sourcecode.c.objc; path = BGGAppDelegate.m; sourceTree = "<group>"; };
		5F75759F134144C000C82F3B /* BGGViewController.h */ = {isa = PBXFileReference; fileEncoding = 4; lastKnownFileType = sourcecode.c.h; path = BGGViewController.h; sourceTree = "<group>"; };
		5F7575A0134144C100C82F3B /* BGGViewController.m */ = {isa = PBXFileReference; fileEncoding = 4; lastKnownFileType = sourcecode.c.objc; path = BGGViewController.m; sourceTree = "<group>"; };
		5F7575B41341456700C82F3B /* Globals.h */ = {isa = PBXFileReference; fileEncoding = 4; lastKnownFileType = sourcecode.c.h; path = Globals.h; sourceTree = "<group>"; };
		5F7575B51341456700C82F3B /* Globals.m */ = {isa = PBXFileReference; fileEncoding = 4; lastKnownFileType = sourcecode.c.objc; path = Globals.m; sourceTree = "<group>"; };
		5F7575DD134166DA00C82F3B /* BreadcrumbView.xib */ = {isa = PBXFileReference; fileEncoding = 4; lastKnownFileType = file.xib; path = BreadcrumbView.xib; sourceTree = "<group>"; };
		5F7575DE134166DA00C82F3B /* BreadcrumbViewController.h */ = {isa = PBXFileReference; fileEncoding = 4; lastKnownFileType = sourcecode.c.h; path = BreadcrumbViewController.h; sourceTree = "<group>"; };
		5F7575DF134166DA00C82F3B /* BreadcrumbViewController.m */ = {isa = PBXFileReference; fileEncoding = 4; lastKnownFileType = sourcecode.c.objc; path = BreadcrumbViewController.m; sourceTree = "<group>"; };
		5F7575E2134166F700C82F3B /* StackSegmentedControl.h */ = {isa = PBXFileReference; fileEncoding = 4; lastKnownFileType = sourcecode.c.h; path = StackSegmentedControl.h; sourceTree = "<group>"; };
		5F7575E3134166F700C82F3B /* StackSegmentedControl.m */ = {isa = PBXFileReference; fileEncoding = 4; lastKnownFileType = sourcecode.c.objc; path = StackSegmentedControl.m; sourceTree = "<group>"; };
		5FCF604A135C45C200D9696E /* breadcrumb-back.png */ = {isa = PBXFileReference; lastKnownFileType = image.png; name = "breadcrumb-back.png"; path = "Images/breadcrumb-back.png"; sourceTree = "<group>"; };
		5FCF604B135C45C200D9696E /* breadcrumb-back@2x.png */ = {isa = PBXFileReference; lastKnownFileType = image.png; name = "breadcrumb-back@2x.png"; path = "Images/breadcrumb-back@2x.png"; sourceTree = "<group>"; };
		5FCF604C135C45C200D9696E /* breadcrumb-home-selected.png */ = {isa = PBXFileReference; lastKnownFileType = image.png; name = "breadcrumb-home-selected.png"; path = "Images/breadcrumb-home-selected.png"; sourceTree = "<group>"; };
		5FCF604D135C45C200D9696E /* breadcrumb-home-selected@2x.png */ = {isa = PBXFileReference; lastKnownFileType = image.png; name = "breadcrumb-home-selected@2x.png"; path = "Images/breadcrumb-home-selected@2x.png"; sourceTree = "<group>"; };
		5FCF604E135C45C200D9696E /* breadcrumb-home.png */ = {isa = PBXFileReference; lastKnownFileType = image.png; name = "breadcrumb-home.png"; path = "Images/breadcrumb-home.png"; sourceTree = "<group>"; };
		5FCF604F135C45C200D9696E /* breadcrumb-home@2x.png */ = {isa = PBXFileReference; lastKnownFileType = image.png; name = "breadcrumb-home@2x.png"; path = "Images/breadcrumb-home@2x.png"; sourceTree = "<group>"; };
		5FCF6050135C45C200D9696E /* breadcrumb-step-selected.png */ = {isa = PBXFileReference; lastKnownFileType = image.png; name = "breadcrumb-step-selected.png"; path = "Images/breadcrumb-step-selected.png"; sourceTree = "<group>"; };
		5FCF6051135C45C300D9696E /* breadcrumb-step-selected@2x.png */ = {isa = PBXFileReference; lastKnownFileType = image.png; name = "breadcrumb-step-selected@2x.png"; path = "Images/breadcrumb-step-selected@2x.png"; sourceTree = "<group>"; };
		5FCF6052135C45C300D9696E /* breadcrumb-step.png */ = {isa = PBXFileReference; lastKnownFileType = image.png; name = "breadcrumb-step.png"; path = "Images/breadcrumb-step.png"; sourceTree = "<group>"; };
		5FCF6053135C45C300D9696E /* breadcrumb-step@2x.png */ = {isa = PBXFileReference; lastKnownFileType = image.png; name = "breadcrumb-step@2x.png"; path = "Images/breadcrumb-step@2x.png"; sourceTree = "<group>"; };
		5FCF605E135C45D600D9696E /* background.png */ = {isa = PBXFileReference; lastKnownFileType = image.png; name = background.png; path = Images/background.png; sourceTree = "<group>"; };
		5FCF605F135C45D600D9696E /* background@2x.png */ = {isa = PBXFileReference; lastKnownFileType = image.png; name = "background@2x.png"; path = "Images/background@2x.png"; sourceTree = "<group>"; };
		5FDAAABA134CBDBC002C97E0 /* HomeViewController.h */ = {isa = PBXFileReference; fileEncoding = 4; lastKnownFileType = sourcecode.c.h; path = HomeViewController.h; sourceTree = "<group>"; };
		5FDAAABB134CBDBC002C97E0 /* HomeViewController.m */ = {isa = PBXFileReference; fileEncoding = 4; lastKnownFileType = sourcecode.c.objc; path = HomeViewController.m; sourceTree = "<group>"; };
		5FDAAABC134CBDBC002C97E0 /* HomeViewController.xib */ = {isa = PBXFileReference; fileEncoding = 4; lastKnownFileType = file.xib; path = HomeViewController.xib; sourceTree = "<group>"; };
/* End PBXFileReference section */

/* Begin PBXFrameworksBuildPhase section */
		5F75743C13400E1000C82F3B /* Frameworks */ = {
			isa = PBXFrameworksBuildPhase;
			buildActionMask = 2147483647;
			files = (
				5F1F97C5135C7417007EB84C /* libSSToolkit.a in Frameworks */,
				320AF8492C47A4D819F7C451 /* QuartzCore.framework in Frameworks */,
				5F75744413400E1000C82F3B /* UIKit.framework in Frameworks */,
				5F75744613400E1000C82F3B /* Foundation.framework in Frameworks */,
				5F75744813400E1000C82F3B /* CoreGraphics.framework in Frameworks */,
			);
			runOnlyForDeploymentPostprocessing = 0;
		};
/* End PBXFrameworksBuildPhase section */

/* Begin PBXGroup section */
		5F1F97B4135C7090007EB84C /* Products */ = {
			isa = PBXGroup;
			children = (
				5F1F97BD135C7091007EB84C /* libSSToolkit.a */,
				5F1F97BF135C7091007EB84C /* SSToolkitTests.app */,
			);
			name = Products;
			sourceTree = "<group>";
		};
		5F75743413400E1000C82F3B = {
			isa = PBXGroup;
			children = (
				5F75748D1340D9DD00C82F3B /* Dependencies */,
				5F75744913400E1000C82F3B /* bgg */,
				5F757598134142E200C82F3B /* Resources */,
				5F75744213400E1000C82F3B /* Frameworks */,
				5F75744013400E1000C82F3B /* Products */,
			);
			sourceTree = "<group>";
		};
		5F75744013400E1000C82F3B /* Products */ = {
			isa = PBXGroup;
			children = (
				5F75743F13400E1000C82F3B /* BGG.app */,
			);
			name = Products;
			sourceTree = "<group>";
		};
		5F75744213400E1000C82F3B /* Frameworks */ = {
			isa = PBXGroup;
			children = (
				5F7575B7134145F400C82F3B /* Base */,
			);
			name = Frameworks;
			sourceTree = "<group>";
		};
		5F75744913400E1000C82F3B /* bgg */ = {
			isa = PBXGroup;
			children = (
				5FDAAAB9134CBDA7002C97E0 /* Home */,
				5F7575DC134166CA00C82F3B /* Extensions */,
				5F75759C1341449C00C82F3B /* BGGAppDelegate.h */,
				5F75759D1341449C00C82F3B /* BGGAppDelegate.m */,
				5F75745513400E1000C82F3B /* MainWindow.xib */,
				5F75745B13400E1000C82F3B /* bggViewController.xib */,
				5F75759F134144C000C82F3B /* BGGViewController.h */,
				5F7575A0134144C100C82F3B /* BGGViewController.m */,
				5F7575B41341456700C82F3B /* Globals.h */,
				5F7575B51341456700C82F3B /* Globals.m */,
				5F75744A13400E1000C82F3B /* Supporting Files */,
			);
			path = bgg;
			sourceTree = "<group>";
		};
		5F75744A13400E1000C82F3B /* Supporting Files */ = {
			isa = PBXGroup;
			children = (
				5F75744B13400E1000C82F3B /* bgg-Info.plist */,
				5F75744C13400E1000C82F3B /* InfoPlist.strings */,
				5F75744F13400E1000C82F3B /* bgg-Prefix.pch */,
				5F75745013400E1000C82F3B /* main.m */,
			);
			name = "Supporting Files";
			sourceTree = "<group>";
		};
		5F75748D1340D9DD00C82F3B /* Dependencies */ = {
			isa = PBXGroup;
			children = (
				5F1F97B3135C7090007EB84C /* SSToolkit.xcodeproj */,
			);
			name = Dependencies;
			sourceTree = "<group>";
		};
		5F757598134142E200C82F3B /* Resources */ = {
			isa = PBXGroup;
			children = (
				5F1F9778135C6FC0007EB84C /* SSToolkit.bundle */,
				5FCF605E135C45D600D9696E /* background.png */,
				5FCF605F135C45D600D9696E /* background@2x.png */,
				5FB4245D134B2244001E538A /* Breadcrumb */,
				5F757599134142E200C82F3B /* Images */,
			);
			name = Resources;
			path = bgg/Resources;
			sourceTree = "<group>";
		};
		5F757599134142E200C82F3B /* Images */ = {
			isa = PBXGroup;
			children = (
				5F75759A134142E200C82F3B /* Icon.png */,
			);
			path = Images;
			sourceTree = "<group>";
		};
		5F7575B7134145F400C82F3B /* Base */ = {
			isa = PBXGroup;
			children = (
				320AF8492C47A4D819F7C450 /* QuartzCore.framework */,
				5F75744313400E1000C82F3B /* UIKit.framework */,
				5F75744513400E1000C82F3B /* Foundation.framework */,
				5F75744713400E1000C82F3B /* CoreGraphics.framework */,
				5F1F97C4135C7416007EB84C /* libSSToolkit.a */,
			);
			name = Base;
			sourceTree = "<group>";
		};
		5F7575DC134166CA00C82F3B /* Extensions */ = {
			isa = PBXGroup;
			children = (
				5F7575DD134166DA00C82F3B /* BreadcrumbView.xib */,
				5F7575DE134166DA00C82F3B /* BreadcrumbViewController.h */,
				5F7575DF134166DA00C82F3B /* BreadcrumbViewController.m */,
				5F7575E2134166F700C82F3B /* StackSegmentedControl.h */,
				5F7575E3134166F700C82F3B /* StackSegmentedControl.m */,
			);
			name = Extensions;
			sourceTree = "<group>";
		};
		5FB4245D134B2244001E538A /* Breadcrumb */ = {
			isa = PBXGroup;
			children = (
				5FCF604A135C45C200D9696E /* breadcrumb-back.png */,
				5FCF604B135C45C200D9696E /* breadcrumb-back@2x.png */,
				5FCF604C135C45C200D9696E /* breadcrumb-home-selected.png */,
				5FCF604D135C45C200D9696E /* breadcrumb-home-selected@2x.png */,
				5FCF604E135C45C200D9696E /* breadcrumb-home.png */,
				5FCF604F135C45C200D9696E /* breadcrumb-home@2x.png */,
				5FCF6050135C45C200D9696E /* breadcrumb-step-selected.png */,
				5FCF6051135C45C300D9696E /* breadcrumb-step-selected@2x.png */,
				5FCF6052135C45C300D9696E /* breadcrumb-step.png */,
				5FCF6053135C45C300D9696E /* breadcrumb-step@2x.png */,
			);
			name = Breadcrumb;
			sourceTree = "<group>";
		};
		5FDAAAB9134CBDA7002C97E0 /* Home */ = {
			isa = PBXGroup;
			children = (
				5FDAAABC134CBDBC002C97E0 /* HomeViewController.xib */,
				5FDAAABA134CBDBC002C97E0 /* HomeViewController.h */,
				5FDAAABB134CBDBC002C97E0 /* HomeViewController.m */,
			);
			name = Home;
			sourceTree = "<group>";
		};
/* End PBXGroup section */

/* Begin PBXNativeTarget section */
		5F75743E13400E1000C82F3B /* BGG */ = {
			isa = PBXNativeTarget;
			buildConfigurationList = 5F75747613400E1000C82F3B /* Build configuration list for PBXNativeTarget "BGG" */;
			buildPhases = (
				5F75743B13400E1000C82F3B /* Sources */,
				5F75743C13400E1000C82F3B /* Frameworks */,
				5F75743D13400E1000C82F3B /* Resources */,
			);
			buildRules = (
			);
			dependencies = (
				5F1F97C1135C70AC007EB84C /* PBXTargetDependency */,
			);
			name = BGG;
			productName = bgg;
			productReference = 5F75743F13400E1000C82F3B /* BGG.app */;
			productType = "com.apple.product-type.application";
		};
/* End PBXNativeTarget section */

/* Begin PBXProject section */
		5F75743613400E1000C82F3B /* Project object */ = {
			isa = PBXProject;
			attributes = {
				ORGANIZATIONNAME = "Imaginary Factory";
			};
			buildConfigurationList = 5F75743913400E1000C82F3B /* Build configuration list for PBXProject "bgg" */;
			compatibilityVersion = "Xcode 3.2";
			developmentRegion = English;
			hasScannedForEncodings = 0;
			knownRegions = (
				en,
			);
			mainGroup = 5F75743413400E1000C82F3B;
			productRefGroup = 5F75744013400E1000C82F3B /* Products */;
			projectDirPath = "";
			projectReferences = (
				{
					ProductGroup = 5F1F97B4135C7090007EB84C /* Products */;
					ProjectRef = 5F1F97B3135C7090007EB84C /* SSToolkit.xcodeproj */;
				},
			);
			projectRoot = "";
			targets = (
				5F75743E13400E1000C82F3B /* BGG */,
			);
		};
/* End PBXProject section */

/* Begin PBXReferenceProxy section */
		5F1F97BD135C7091007EB84C /* libSSToolkit.a */ = {
			isa = PBXReferenceProxy;
			fileType = archive.ar;
			path = libSSToolkit.a;
			remoteRef = 5F1F97BC135C7091007EB84C /* PBXContainerItemProxy */;
			sourceTree = BUILT_PRODUCTS_DIR;
		};
		5F1F97BF135C7091007EB84C /* SSToolkitTests.app */ = {
			isa = PBXReferenceProxy;
			fileType = wrapper.application;
			path = SSToolkitTests.app;
			remoteRef = 5F1F97BE135C7091007EB84C /* PBXContainerItemProxy */;
			sourceTree = BUILT_PRODUCTS_DIR;
		};
/* End PBXReferenceProxy section */

/* Begin PBXResourcesBuildPhase section */
		5F75743D13400E1000C82F3B /* Resources */ = {
			isa = PBXResourcesBuildPhase;
			buildActionMask = 2147483647;
			files = (
				5F75744E13400E1000C82F3B /* InfoPlist.strings in Resources */,
				5F75745713400E1000C82F3B /* MainWindow.xib in Resources */,
				5F75745D13400E1000C82F3B /* bggViewController.xib in Resources */,
				5F75759B134142E200C82F3B /* Icon.png in Resources */,
				5F7575E0134166DA00C82F3B /* BreadcrumbView.xib in Resources */,
				5FDAAABE134CBDBC002C97E0 /* HomeViewController.xib in Resources */,
				5FCF6054135C45C300D9696E /* breadcrumb-back.png in Resources */,
				5FCF6055135C45C300D9696E /* breadcrumb-back@2x.png in Resources */,
				5FCF6056135C45C300D9696E /* breadcrumb-home-selected.png in Resources */,
				5FCF6057135C45C300D9696E /* breadcrumb-home-selected@2x.png in Resources */,
				5FCF6058135C45C300D9696E /* breadcrumb-home.png in Resources */,
				5FCF6059135C45C300D9696E /* breadcrumb-home@2x.png in Resources */,
				5FCF605A135C45C300D9696E /* breadcrumb-step-selected.png in Resources */,
				5FCF605B135C45C300D9696E /* breadcrumb-step-selected@2x.png in Resources */,
				5FCF605C135C45C300D9696E /* breadcrumb-step.png in Resources */,
				5FCF605D135C45C300D9696E /* breadcrumb-step@2x.png in Resources */,
				5FCF6060135C45D600D9696E /* background.png in Resources */,
				5FCF6061135C45D600D9696E /* background@2x.png in Resources */,
				5F1F9779135C6FC1007EB84C /* SSToolkit.bundle in Resources */,
			);
			runOnlyForDeploymentPostprocessing = 0;
		};
/* End PBXResourcesBuildPhase section */

/* Begin PBXSourcesBuildPhase section */
		5F75743B13400E1000C82F3B /* Sources */ = {
			isa = PBXSourcesBuildPhase;
			buildActionMask = 2147483647;
			files = (
				5F75745113400E1000C82F3B /* main.m in Sources */,
				5F75759E1341449C00C82F3B /* BGGAppDelegate.m in Sources */,
				5F7575A1134144C100C82F3B /* BGGViewController.m in Sources */,
				5F7575B61341456800C82F3B /* Globals.m in Sources */,
				5F7575E1134166DA00C82F3B /* BreadcrumbViewController.m in Sources */,
				5F7575E4134166F700C82F3B /* StackSegmentedControl.m in Sources */,
				5FDAAABD134CBDBC002C97E0 /* HomeViewController.m in Sources */,
			);
			runOnlyForDeploymentPostprocessing = 0;
		};
/* End PBXSourcesBuildPhase section */

/* Begin PBXTargetDependency section */
		5F1F97C1135C70AC007EB84C /* PBXTargetDependency */ = {
			isa = PBXTargetDependency;
			name = SSToolkit;
			targetProxy = 5F1F97C0135C70AC007EB84C /* PBXContainerItemProxy */;
		};
/* End PBXTargetDependency section */

/* Begin PBXVariantGroup section */
		5F75744C13400E1000C82F3B /* InfoPlist.strings */ = {
			isa = PBXVariantGroup;
			children = (
				5F75744D13400E1000C82F3B /* en */,
			);
			name = InfoPlist.strings;
			sourceTree = "<group>";
		};
		5F75745513400E1000C82F3B /* MainWindow.xib */ = {
			isa = PBXVariantGroup;
			children = (
				5F75745613400E1000C82F3B /* en */,
			);
			name = MainWindow.xib;
			sourceTree = "<group>";
		};
		5F75745B13400E1000C82F3B /* bggViewController.xib */ = {
			isa = PBXVariantGroup;
			children = (
				5F75745C13400E1000C82F3B /* en */,
			);
			name = bggViewController.xib;
			sourceTree = "<group>";
		};
/* End PBXVariantGroup section */

/* Begin XCBuildConfiguration section */
		5F75747413400E1000C82F3B /* Debug */ = {
			isa = XCBuildConfiguration;
			buildSettings = {
				ARCHS = "$(ARCHS_STANDARD_32_BIT)";
				"CODE_SIGN_IDENTITY[sdk=iphoneos*]" = "iPhone Developer";
				GCC_C_LANGUAGE_STANDARD = gnu99;
				GCC_OPTIMIZATION_LEVEL = 0;
				GCC_PREPROCESSOR_DEFINITIONS = DEBUG;
				GCC_SYMBOLS_PRIVATE_EXTERN = NO;
				GCC_VERSION = com.apple.compilers.llvmgcc42;
				GCC_WARN_ABOUT_RETURN_TYPE = YES;
				GCC_WARN_UNUSED_VARIABLE = YES;
				HEADER_SEARCH_PATHS = (
					"$(BUILT_PRODUCTS_DIR)/../three20",
					"$(BUILT_PRODUCTS_DIR)/../../three20",
					../../libs/three20/Build/Products/three20,
				);
				IPHONEOS_DEPLOYMENT_TARGET = 3.0;
				OTHER_LDFLAGS = "-ObjC";
				SDKROOT = iphoneos;
			};
			name = Debug;
		};
		5F75747513400E1000C82F3B /* Release */ = {
			isa = XCBuildConfiguration;
			buildSettings = {
				ARCHS = "$(ARCHS_STANDARD_32_BIT)";
				"CODE_SIGN_IDENTITY[sdk=iphoneos*]" = "iPhone Developer";
				GCC_C_LANGUAGE_STANDARD = gnu99;
				GCC_VERSION = com.apple.compilers.llvmgcc42;
				GCC_WARN_ABOUT_RETURN_TYPE = YES;
				GCC_WARN_UNUSED_VARIABLE = YES;
				HEADER_SEARCH_PATHS = (
					"$(BUILT_PRODUCTS_DIR)/../three20",
					"$(BUILT_PRODUCTS_DIR)/../../three20",
					../../libs/three20/Build/Products/three20,
				);
				IPHONEOS_DEPLOYMENT_TARGET = 3.0;
				OTHER_CFLAGS = "-DNS_BLOCK_ASSERTIONS=1";
				OTHER_LDFLAGS = "-ObjC";
				SDKROOT = iphoneos;
			};
			name = Release;
		};
		5F75747713400E1000C82F3B /* Debug */ = {
			isa = XCBuildConfiguration;
			buildSettings = {
				ALWAYS_SEARCH_USER_PATHS = NO;
				COPY_PHASE_STRIP = NO;
				GCC_DYNAMIC_NO_PIC = NO;
				GCC_PRECOMPILE_PREFIX_HEADER = YES;
				GCC_PREFIX_HEADER = "bgg/bgg-Prefix.pch";
				INFOPLIST_FILE = "bgg/bgg-Info.plist";
				LIBRARY_SEARCH_PATHS = (
					"$(inherited)",
					"\"$(SRCROOT)\"",
					"\"$(SRCROOT)/../../libs/sstoolkit/SSToolkit/**",
				);
				OTHER_LDFLAGS = (
					"-ObjC",
					"-all_load",
				);
				PRODUCT_NAME = "$(TARGET_NAME)";
				USER_HEADER_SEARCH_PATHS = ./../../libs/sstoolkit/SSToolkit;
				WRAPPER_EXTENSION = app;
			};
			name = Debug;
		};
		5F75747813400E1000C82F3B /* Release */ = {
			isa = XCBuildConfiguration;
			buildSettings = {
				ALWAYS_SEARCH_USER_PATHS = NO;
				COPY_PHASE_STRIP = YES;
				GCC_PRECOMPILE_PREFIX_HEADER = YES;
				GCC_PREFIX_HEADER = "bgg/bgg-Prefix.pch";
				INFOPLIST_FILE = "bgg/bgg-Info.plist";
				LIBRARY_SEARCH_PATHS = (
					"$(inherited)",
					"\"$(SRCROOT)\"",
					"\"$(SRCROOT)/../../libs/sstoolkit/SSToolkit/**",
				);
				OTHER_LDFLAGS = (
					"-ObjC",
					"-all_load",
				);
				PRODUCT_NAME = "$(TARGET_NAME)";
				USER_HEADER_SEARCH_PATHS = ./../../libs/sstoolkit/SSToolkit;
				VALIDATE_PRODUCT = YES;
				WRAPPER_EXTENSION = app;
			};
			name = Release;
		};
/* End XCBuildConfiguration section */

/* Begin XCConfigurationList section */
		5F75743913400E1000C82F3B /* Build configuration list for PBXProject "bgg" */ = {
			isa = XCConfigurationList;
			buildConfigurations = (
				5F75747413400E1000C82F3B /* Debug */,
				5F75747513400E1000C82F3B /* Release */,
			);
			defaultConfigurationIsVisible = 0;
			defaultConfigurationName = Release;
		};
		5F75747613400E1000C82F3B /* Build configuration list for PBXNativeTarget "BGG" */ = {
			isa = XCConfigurationList;
			buildConfigurations = (
				5F75747713400E1000C82F3B /* Debug */,
				5F75747813400E1000C82F3B /* Release */,
			);
			defaultConfigurationIsVisible = 0;
			defaultConfigurationName = Release;
		};
/* End XCConfigurationList section */
	};
	rootObject = 5F75743613400E1000C82F3B /* Project object */;
}
