// !$*UTF8*$!
{
	archiveVersion = 1;
	classes = {
	};
	objectVersion = 46;
	objects = {

/* Begin PBXBuildFile section */
		5F75744413400E1000C82F3B /* UIKit.framework in Frameworks */ = {isa = PBXBuildFile; fileRef = 5F75744313400E1000C82F3B /* UIKit.framework */; };
		5F75744613400E1000C82F3B /* Foundation.framework in Frameworks */ = {isa = PBXBuildFile; fileRef = 5F75744513400E1000C82F3B /* Foundation.framework */; };
		5F75744813400E1000C82F3B /* CoreGraphics.framework in Frameworks */ = {isa = PBXBuildFile; fileRef = 5F75744713400E1000C82F3B /* CoreGraphics.framework */; };
		5F75744E13400E1000C82F3B /* InfoPlist.strings in Resources */ = {isa = PBXBuildFile; fileRef = 5F75744C13400E1000C82F3B /* InfoPlist.strings */; };
		5F75745113400E1000C82F3B /* main.m in Sources */ = {isa = PBXBuildFile; fileRef = 5F75745013400E1000C82F3B /* main.m */; };
		5F75745413400E1000C82F3B /* bggAppDelegate.m in Sources */ = {isa = PBXBuildFile; fileRef = 5F75745313400E1000C82F3B /* bggAppDelegate.m */; };
		5F75745713400E1000C82F3B /* MainWindow.xib in Resources */ = {isa = PBXBuildFile; fileRef = 5F75745513400E1000C82F3B /* MainWindow.xib */; };
		5F75745A13400E1000C82F3B /* bggViewController.m in Sources */ = {isa = PBXBuildFile; fileRef = 5F75745913400E1000C82F3B /* bggViewController.m */; };
		5F75745D13400E1000C82F3B /* bggViewController.xib in Resources */ = {isa = PBXBuildFile; fileRef = 5F75745B13400E1000C82F3B /* bggViewController.xib */; };
		5F75746413400E1000C82F3B /* UIKit.framework in Frameworks */ = {isa = PBXBuildFile; fileRef = 5F75744313400E1000C82F3B /* UIKit.framework */; };
		5F75746513400E1000C82F3B /* Foundation.framework in Frameworks */ = {isa = PBXBuildFile; fileRef = 5F75744513400E1000C82F3B /* Foundation.framework */; };
		5F75746613400E1000C82F3B /* CoreGraphics.framework in Frameworks */ = {isa = PBXBuildFile; fileRef = 5F75744713400E1000C82F3B /* CoreGraphics.framework */; };
		5F75746E13400E1000C82F3B /* InfoPlist.strings in Resources */ = {isa = PBXBuildFile; fileRef = 5F75746C13400E1000C82F3B /* InfoPlist.strings */; };
		5F75747113400E1000C82F3B /* bggTests.h in Resources */ = {isa = PBXBuildFile; fileRef = 5F75747013400E1000C82F3B /* bggTests.h */; };
		5F75747313400E1000C82F3B /* bggTests.m in Sources */ = {isa = PBXBuildFile; fileRef = 5F75747213400E1000C82F3B /* bggTests.m */; };
/* End PBXBuildFile section */

/* Begin PBXContainerItemProxy section */
		5F75746713400E1000C82F3B /* PBXContainerItemProxy */ = {
			isa = PBXContainerItemProxy;
			containerPortal = 5F75743613400E1000C82F3B /* Project object */;
			proxyType = 1;
			remoteGlobalIDString = 5F75743E13400E1000C82F3B;
			remoteInfo = bgg;
		};
/* End PBXContainerItemProxy section */

/* Begin PBXFileReference section */
		5F75743F13400E1000C82F3B /* bgg.app */ = {isa = PBXFileReference; explicitFileType = wrapper.application; includeInIndex = 0; path = bgg.app; sourceTree = BUILT_PRODUCTS_DIR; };
		5F75744313400E1000C82F3B /* UIKit.framework */ = {isa = PBXFileReference; lastKnownFileType = wrapper.framework; name = UIKit.framework; path = System/Library/Frameworks/UIKit.framework; sourceTree = SDKROOT; };
		5F75744513400E1000C82F3B /* Foundation.framework */ = {isa = PBXFileReference; lastKnownFileType = wrapper.framework; name = Foundation.framework; path = System/Library/Frameworks/Foundation.framework; sourceTree = SDKROOT; };
		5F75744713400E1000C82F3B /* CoreGraphics.framework */ = {isa = PBXFileReference; lastKnownFileType = wrapper.framework; name = CoreGraphics.framework; path = System/Library/Frameworks/CoreGraphics.framework; sourceTree = SDKROOT; };
		5F75744B13400E1000C82F3B /* bgg-Info.plist */ = {isa = PBXFileReference; lastKnownFileType = text.plist.xml; path = "bgg-Info.plist"; sourceTree = "<group>"; };
		5F75744D13400E1000C82F3B /* en */ = {isa = PBXFileReference; lastKnownFileType = text.plist.strings; name = en; path = en.lproj/InfoPlist.strings; sourceTree = "<group>"; };
		5F75744F13400E1000C82F3B /* bgg-Prefix.pch */ = {isa = PBXFileReference; lastKnownFileType = sourcecode.c.h; path = "bgg-Prefix.pch"; sourceTree = "<group>"; };
		5F75745013400E1000C82F3B /* main.m */ = {isa = PBXFileReference; lastKnownFileType = sourcecode.c.objc; path = main.m; sourceTree = "<group>"; };
		5F75745213400E1000C82F3B /* bggAppDelegate.h */ = {isa = PBXFileReference; lastKnownFileType = sourcecode.c.h; path = bggAppDelegate.h; sourceTree = "<group>"; };
		5F75745313400E1000C82F3B /* bggAppDelegate.m */ = {isa = PBXFileReference; lastKnownFileType = sourcecode.c.objc; path = bggAppDelegate.m; sourceTree = "<group>"; };
		5F75745613400E1000C82F3B /* en */ = {isa = PBXFileReference; lastKnownFileType = file.xib; name = en; path = en.lproj/MainWindow.xib; sourceTree = "<group>"; };
		5F75745813400E1000C82F3B /* bggViewController.h */ = {isa = PBXFileReference; lastKnownFileType = sourcecode.c.h; path = bggViewController.h; sourceTree = "<group>"; };
		5F75745913400E1000C82F3B /* bggViewController.m */ = {isa = PBXFileReference; lastKnownFileType = sourcecode.c.objc; path = bggViewController.m; sourceTree = "<group>"; };
		5F75745C13400E1000C82F3B /* en */ = {isa = PBXFileReference; lastKnownFileType = file.xib; name = en; path = en.lproj/bggViewController.xib; sourceTree = "<group>"; };
		5F75746313400E1000C82F3B /* bggTests.octest */ = {isa = PBXFileReference; explicitFileType = wrapper.cfbundle; includeInIndex = 0; path = bggTests.octest; sourceTree = BUILT_PRODUCTS_DIR; };
		5F75746B13400E1000C82F3B /* bggTests-Info.plist */ = {isa = PBXFileReference; lastKnownFileType = text.plist.xml; path = "bggTests-Info.plist"; sourceTree = "<group>"; };
		5F75746D13400E1000C82F3B /* en */ = {isa = PBXFileReference; lastKnownFileType = text.plist.strings; name = en; path = en.lproj/InfoPlist.strings; sourceTree = "<group>"; };
		5F75746F13400E1000C82F3B /* bggTests-Prefix.pch */ = {isa = PBXFileReference; lastKnownFileType = sourcecode.c.h; path = "bggTests-Prefix.pch"; sourceTree = "<group>"; };
		5F75747013400E1000C82F3B /* bggTests.h */ = {isa = PBXFileReference; lastKnownFileType = sourcecode.c.h; path = bggTests.h; sourceTree = "<group>"; };
		5F75747213400E1000C82F3B /* bggTests.m */ = {isa = PBXFileReference; lastKnownFileType = sourcecode.c.objc; path = bggTests.m; sourceTree = "<group>"; };
/* End PBXFileReference section */

/* Begin PBXFrameworksBuildPhase section */
		5F75743C13400E1000C82F3B /* Frameworks */ = {
			isa = PBXFrameworksBuildPhase;
			buildActionMask = 2147483647;
			files = (
				5F75744413400E1000C82F3B /* UIKit.framework in Frameworks */,
				5F75744613400E1000C82F3B /* Foundation.framework in Frameworks */,
				5F75744813400E1000C82F3B /* CoreGraphics.framework in Frameworks */,
			);
			runOnlyForDeploymentPostprocessing = 0;
		};
		5F75745F13400E1000C82F3B /* Frameworks */ = {
			isa = PBXFrameworksBuildPhase;
			buildActionMask = 2147483647;
			files = (
				5F75746413400E1000C82F3B /* UIKit.framework in Frameworks */,
				5F75746513400E1000C82F3B /* Foundation.framework in Frameworks */,
				5F75746613400E1000C82F3B /* CoreGraphics.framework in Frameworks */,
			);
			runOnlyForDeploymentPostprocessing = 0;
		};
/* End PBXFrameworksBuildPhase section */

/* Begin PBXGroup section */
		5F75743413400E1000C82F3B = {
			isa = PBXGroup;
			children = (
				5F75744913400E1000C82F3B /* bgg */,
				5F75746913400E1000C82F3B /* bggTests */,
				5F75744213400E1000C82F3B /* Frameworks */,
				5F75744013400E1000C82F3B /* Products */,
			);
			sourceTree = "<group>";
		};
		5F75744013400E1000C82F3B /* Products */ = {
			isa = PBXGroup;
			children = (
				5F75743F13400E1000C82F3B /* bgg.app */,
				5F75746313400E1000C82F3B /* bggTests.octest */,
			);
			name = Products;
			sourceTree = "<group>";
		};
		5F75744213400E1000C82F3B /* Frameworks */ = {
			isa = PBXGroup;
			children = (
				5F75744313400E1000C82F3B /* UIKit.framework */,
				5F75744513400E1000C82F3B /* Foundation.framework */,
				5F75744713400E1000C82F3B /* CoreGraphics.framework */,
			);
			name = Frameworks;
			sourceTree = "<group>";
		};
		5F75744913400E1000C82F3B /* bgg */ = {
			isa = PBXGroup;
			children = (
				5F75745213400E1000C82F3B /* bggAppDelegate.h */,
				5F75745313400E1000C82F3B /* bggAppDelegate.m */,
				5F75745513400E1000C82F3B /* MainWindow.xib */,
				5F75745813400E1000C82F3B /* bggViewController.h */,
				5F75745913400E1000C82F3B /* bggViewController.m */,
				5F75745B13400E1000C82F3B /* bggViewController.xib */,
				5F75744A13400E1000C82F3B /* Supporting Files */,
			);
			path = bgg;
			sourceTree = "<group>";
		};
		5F75744A13400E1000C82F3B /* Supporting Files */ = {
			isa = PBXGroup;
			children = (
				5F75744B13400E1000C82F3B /* bgg-Info.plist */,
				5F75744C13400E1000C82F3B /* InfoPlist.strings */,
				5F75744F13400E1000C82F3B /* bgg-Prefix.pch */,
				5F75745013400E1000C82F3B /* main.m */,
			);
			name = "Supporting Files";
			sourceTree = "<group>";
		};
		5F75746913400E1000C82F3B /* bggTests */ = {
			isa = PBXGroup;
			children = (
				5F75747013400E1000C82F3B /* bggTests.h */,
				5F75747213400E1000C82F3B /* bggTests.m */,
				5F75746A13400E1000C82F3B /* Supporting Files */,
			);
			path = bggTests;
			sourceTree = "<group>";
		};
		5F75746A13400E1000C82F3B /* Supporting Files */ = {
			isa = PBXGroup;
			children = (
				5F75746B13400E1000C82F3B /* bggTests-Info.plist */,
				5F75746C13400E1000C82F3B /* InfoPlist.strings */,
				5F75746F13400E1000C82F3B /* bggTests-Prefix.pch */,
			);
			name = "Supporting Files";
			sourceTree = "<group>";
		};
/* End PBXGroup section */

/* Begin PBXNativeTarget section */
		5F75743E13400E1000C82F3B /* bgg */ = {
			isa = PBXNativeTarget;
			buildConfigurationList = 5F75747613400E1000C82F3B /* Build configuration list for PBXNativeTarget "bgg" */;
			buildPhases = (
				5F75743B13400E1000C82F3B /* Sources */,
				5F75743C13400E1000C82F3B /* Frameworks */,
				5F75743D13400E1000C82F3B /* Resources */,
			);
			buildRules = (
			);
			dependencies = (
			);
			name = bgg;
			productName = bgg;
			productReference = 5F75743F13400E1000C82F3B /* bgg.app */;
			productType = "com.apple.product-type.application";
		};
		5F75746213400E1000C82F3B /* bggTests */ = {
			isa = PBXNativeTarget;
			buildConfigurationList = 5F75747913400E1000C82F3B /* Build configuration list for PBXNativeTarget "bggTests" */;
			buildPhases = (
				5F75745E13400E1000C82F3B /* Sources */,
				5F75745F13400E1000C82F3B /* Frameworks */,
				5F75746013400E1000C82F3B /* Resources */,
				5F75746113400E1000C82F3B /* ShellScript */,
			);
			buildRules = (
			);
			dependencies = (
				5F75746813400E1000C82F3B /* PBXTargetDependency */,
			);
			name = bggTests;
			productName = bggTests;
			productReference = 5F75746313400E1000C82F3B /* bggTests.octest */;
			productType = "com.apple.product-type.bundle";
		};
/* End PBXNativeTarget section */

/* Begin PBXProject section */
		5F75743613400E1000C82F3B /* Project object */ = {
			isa = PBXProject;
			attributes = {
				ORGANIZATIONNAME = "Imaginary Factory";
			};
			buildConfigurationList = 5F75743913400E1000C82F3B /* Build configuration list for PBXProject "bgg" */;
			compatibilityVersion = "Xcode 3.2";
			developmentRegion = English;
			hasScannedForEncodings = 0;
			knownRegions = (
				en,
			);
			mainGroup = 5F75743413400E1000C82F3B;
			productRefGroup = 5F75744013400E1000C82F3B /* Products */;
			projectDirPath = "";
			projectRoot = "";
			targets = (
				5F75743E13400E1000C82F3B /* bgg */,
				5F75746213400E1000C82F3B /* bggTests */,
			);
		};
/* End PBXProject section */

/* Begin PBXResourcesBuildPhase section */
		5F75743D13400E1000C82F3B /* Resources */ = {
			isa = PBXResourcesBuildPhase;
			buildActionMask = 2147483647;
			files = (
				5F75744E13400E1000C82F3B /* InfoPlist.strings in Resources */,
				5F75745713400E1000C82F3B /* MainWindow.xib in Resources */,
				5F75745D13400E1000C82F3B /* bggViewController.xib in Resources */,
			);
			runOnlyForDeploymentPostprocessing = 0;
		};
		5F75746013400E1000C82F3B /* Resources */ = {
			isa = PBXResourcesBuildPhase;
			buildActionMask = 2147483647;
			files = (
				5F75746E13400E1000C82F3B /* InfoPlist.strings in Resources */,
				5F75747113400E1000C82F3B /* bggTests.h in Resources */,
			);
			runOnlyForDeploymentPostprocessing = 0;
		};
/* End PBXResourcesBuildPhase section */

/* Begin PBXShellScriptBuildPhase section */
		5F75746113400E1000C82F3B /* ShellScript */ = {
			isa = PBXShellScriptBuildPhase;
			buildActionMask = 2147483647;
			files = (
			);
			inputPaths = (
			);
			outputPaths = (
			);
			runOnlyForDeploymentPostprocessing = 0;
			shellPath = /bin/sh;
			shellScript = "# Run the unit tests in this test bundle.\n\"${SYSTEM_DEVELOPER_DIR}/Tools/RunUnitTests\"\n";
		};
/* End PBXShellScriptBuildPhase section */

/* Begin PBXSourcesBuildPhase section */
		5F75743B13400E1000C82F3B /* Sources */ = {
			isa = PBXSourcesBuildPhase;
			buildActionMask = 2147483647;
			files = (
				5F75745113400E1000C82F3B /* main.m in Sources */,
				5F75745413400E1000C82F3B /* bggAppDelegate.m in Sources */,
				5F75745A13400E1000C82F3B /* bggViewController.m in Sources */,
			);
			runOnlyForDeploymentPostprocessing = 0;
		};
		5F75745E13400E1000C82F3B /* Sources */ = {
			isa = PBXSourcesBuildPhase;
			buildActionMask = 2147483647;
			files = (
				5F75747313400E1000C82F3B /* bggTests.m in Sources */,
			);
			runOnlyForDeploymentPostprocessing = 0;
		};
/* End PBXSourcesBuildPhase section */

/* Begin PBXTargetDependency section */
		5F75746813400E1000C82F3B /* PBXTargetDependency */ = {
			isa = PBXTargetDependency;
			target = 5F75743E13400E1000C82F3B /* bgg */;
			targetProxy = 5F75746713400E1000C82F3B /* PBXContainerItemProxy */;
		};
/* End PBXTargetDependency section */

/* Begin PBXVariantGroup section */
		5F75744C13400E1000C82F3B /* InfoPlist.strings */ = {
			isa = PBXVariantGroup;
			children = (
				5F75744D13400E1000C82F3B /* en */,
			);
			name = InfoPlist.strings;
			sourceTree = "<group>";
		};
		5F75745513400E1000C82F3B /* MainWindow.xib */ = {
			isa = PBXVariantGroup;
			children = (
				5F75745613400E1000C82F3B /* en */,
			);
			name = MainWindow.xib;
			sourceTree = "<group>";
		};
		5F75745B13400E1000C82F3B /* bggViewController.xib */ = {
			isa = PBXVariantGroup;
			children = (
				5F75745C13400E1000C82F3B /* en */,
			);
			name = bggViewController.xib;
			sourceTree = "<group>";
		};
		5F75746C13400E1000C82F3B /* InfoPlist.strings */ = {
			isa = PBXVariantGroup;
			children = (
				5F75746D13400E1000C82F3B /* en */,
			);
			name = InfoPlist.strings;
			sourceTree = "<group>";
		};
/* End PBXVariantGroup section */

/* Begin XCBuildConfiguration section */
		5F75747413400E1000C82F3B /* Debug */ = {
			isa = XCBuildConfiguration;
			buildSettings = {
				ARCHS = "$(ARCHS_STANDARD_32_BIT)";
				"CODE_SIGN_IDENTITY[sdk=iphoneos*]" = "iPhone Developer";
				GCC_C_LANGUAGE_STANDARD = gnu99;
				GCC_OPTIMIZATION_LEVEL = 0;
				GCC_PREPROCESSOR_DEFINITIONS = DEBUG;
				GCC_SYMBOLS_PRIVATE_EXTERN = NO;
				GCC_VERSION = com.apple.compilers.llvmgcc42;
				GCC_WARN_ABOUT_RETURN_TYPE = YES;
				GCC_WARN_UNUSED_VARIABLE = YES;
				IPHONEOS_DEPLOYMENT_TARGET = 4.3;
				SDKROOT = iphoneos;
			};
			name = Debug;
		};
		5F75747513400E1000C82F3B /* Release */ = {
			isa = XCBuildConfiguration;
			buildSettings = {
				ARCHS = "$(ARCHS_STANDARD_32_BIT)";
				"CODE_SIGN_IDENTITY[sdk=iphoneos*]" = "iPhone Developer";
				GCC_C_LANGUAGE_STANDARD = gnu99;
				GCC_VERSION = com.apple.compilers.llvmgcc42;
				GCC_WARN_ABOUT_RETURN_TYPE = YES;
				GCC_WARN_UNUSED_VARIABLE = YES;
				IPHONEOS_DEPLOYMENT_TARGET = 4.3;
				OTHER_CFLAGS = "-DNS_BLOCK_ASSERTIONS=1";
				SDKROOT = iphoneos;
			};
			name = Release;
		};
		5F75747713400E1000C82F3B /* Debug */ = {
			isa = XCBuildConfiguration;
			buildSettings = {
				ALWAYS_SEARCH_USER_PATHS = NO;
				COPY_PHASE_STRIP = NO;
				GCC_DYNAMIC_NO_PIC = NO;
				GCC_PRECOMPILE_PREFIX_HEADER = YES;
				GCC_PREFIX_HEADER = "bgg/bgg-Prefix.pch";
				INFOPLIST_FILE = "bgg/bgg-Info.plist";
				PRODUCT_NAME = "$(TARGET_NAME)";
				WRAPPER_EXTENSION = app;
			};
			name = Debug;
		};
		5F75747813400E1000C82F3B /* Release */ = {
			isa = XCBuildConfiguration;
			buildSettings = {
				ALWAYS_SEARCH_USER_PATHS = NO;
				COPY_PHASE_STRIP = YES;
				GCC_PRECOMPILE_PREFIX_HEADER = YES;
				GCC_PREFIX_HEADER = "bgg/bgg-Prefix.pch";
				INFOPLIST_FILE = "bgg/bgg-Info.plist";
				PRODUCT_NAME = "$(TARGET_NAME)";
				VALIDATE_PRODUCT = YES;
				WRAPPER_EXTENSION = app;
			};
			name = Release;
		};
		5F75747A13400E1000C82F3B /* Debug */ = {
			isa = XCBuildConfiguration;
			buildSettings = {
				ALWAYS_SEARCH_USER_PATHS = NO;
				BUNDLE_LOADER = "$(BUILT_PRODUCTS_DIR)/bgg.app/bgg";
				FRAMEWORK_SEARCH_PATHS = (
					"$(SDKROOT)/Developer/Library/Frameworks",
					"$(DEVELOPER_LIBRARY_DIR)/Frameworks",
				);
				GCC_PRECOMPILE_PREFIX_HEADER = YES;
				GCC_PREFIX_HEADER = "bggTests/bggTests-Prefix.pch";
				INFOPLIST_FILE = "bggTests/bggTests-Info.plist";
				OTHER_LDFLAGS = (
					"-framework",
					SenTestingKit,
				);
				PRODUCT_NAME = "$(TARGET_NAME)";
				TEST_HOST = "$(BUNDLE_LOADER)";
				WRAPPER_EXTENSION = octest;
			};
			name = Debug;
		};
		5F75747B13400E1000C82F3B /* Release */ = {
			isa = XCBuildConfiguration;
			buildSettings = {
				ALWAYS_SEARCH_USER_PATHS = NO;
				BUNDLE_LOADER = "$(BUILT_PRODUCTS_DIR)/bgg.app/bgg";
				FRAMEWORK_SEARCH_PATHS = (
					"$(SDKROOT)/Developer/Library/Frameworks",
					"$(DEVELOPER_LIBRARY_DIR)/Frameworks",
				);
				GCC_PRECOMPILE_PREFIX_HEADER = YES;
				GCC_PREFIX_HEADER = "bggTests/bggTests-Prefix.pch";
				INFOPLIST_FILE = "bggTests/bggTests-Info.plist";
				OTHER_LDFLAGS = (
					"-framework",
					SenTestingKit,
				);
				PRODUCT_NAME = "$(TARGET_NAME)";
				TEST_HOST = "$(BUNDLE_LOADER)";
				WRAPPER_EXTENSION = octest;
			};
			name = Release;
		};
/* End XCBuildConfiguration section */

/* Begin XCConfigurationList section */
		5F75743913400E1000C82F3B /* Build configuration list for PBXProject "bgg" */ = {
			isa = XCConfigurationList;
			buildConfigurations = (
				5F75747413400E1000C82F3B /* Debug */,
				5F75747513400E1000C82F3B /* Release */,
			);
			defaultConfigurationIsVisible = 0;
			defaultConfigurationName = Release;
		};
		5F75747613400E1000C82F3B /* Build configuration list for PBXNativeTarget "bgg" */ = {
			isa = XCConfigurationList;
			buildConfigurations = (
				5F75747713400E1000C82F3B /* Debug */,
				5F75747813400E1000C82F3B /* Release */,
			);
			defaultConfigurationIsVisible = 0;
		};
		5F75747913400E1000C82F3B /* Build configuration list for PBXNativeTarget "bggTests" */ = {
			isa = XCConfigurationList;
			buildConfigurations = (
				5F75747A13400E1000C82F3B /* Debug */,
				5F75747B13400E1000C82F3B /* Release */,
			);
			defaultConfigurationIsVisible = 0;
		};
/* End XCConfigurationList section */
	};
	rootObject = 5F75743613400E1000C82F3B /* Project object */;
}
