// !$*UTF8*$!
{
	archiveVersion = 1;
	classes = {
	};
	objectVersion = 46;
	objects = {

/* Begin PBXBuildFile section */
		320AF8492C47A4D819F7C451 /* QuartzCore.framework in Frameworks */ = {isa = PBXBuildFile; fileRef = 320AF8492C47A4D819F7C450 /* QuartzCore.framework */; };
		49A2F2DC137991090021466C /* BoardGameHeaderCell.m in Sources */ = {isa = PBXBuildFile; fileRef = 49A2F2DB137991090021466C /* BoardGameHeaderCell.m */; };
		49A2F2FD137B09CE0021466C /* BoardGameRatingCell.m in Sources */ = {isa = PBXBuildFile; fileRef = 49A2F2FC137B09CE0021466C /* BoardGameRatingCell.m */; };
		49A2F2FF137B2EB80021466C /* table-cell.png in Resources */ = {isa = PBXBuildFile; fileRef = 49A2F2FE137B2EB70021466C /* table-cell.png */; };
		49A2F301137B2ED40021466C /* table-header.png in Resources */ = {isa = PBXBuildFile; fileRef = 49A2F300137B2ED40021466C /* table-header.png */; };
		49FAF6481378705D00CC4D43 /* BoardGameController.m in Sources */ = {isa = PBXBuildFile; fileRef = 49FAF6461378705D00CC4D43 /* BoardGameController.m */; };
		49FAF6491378705D00CC4D43 /* BoardGameController.xib in Resources */ = {isa = PBXBuildFile; fileRef = 49FAF6471378705D00CC4D43 /* BoardGameController.xib */; };
		5F10D4651370BF6F00E0B743 /* BGGXMLScraper.m in Sources */ = {isa = PBXBuildFile; fileRef = 5F10D4641370BF6F00E0B743 /* BGGXMLScraper.m */; };
		5F10D4681370D01400E0B743 /* BGGBoardGame.m in Sources */ = {isa = PBXBuildFile; fileRef = 5F10D4671370D01400E0B743 /* BGGBoardGame.m */; };
		5F10D46B13718AC200E0B743 /* popup-back-small.png in Resources */ = {isa = PBXBuildFile; fileRef = 5F10D46913718AC100E0B743 /* popup-back-small.png */; };
		5F10D46C13718AC200E0B743 /* popup-back-small@2x.png in Resources */ = {isa = PBXBuildFile; fileRef = 5F10D46A13718AC100E0B743 /* popup-back-small@2x.png */; };
		5F1645021360674A001179CA /* DataAccess+BoardGame.m in Sources */ = {isa = PBXBuildFile; fileRef = 5F1645011360674A001179CA /* DataAccess+BoardGame.m */; };
		5F16451C13606A8C001179CA /* BoardGameListController.m in Sources */ = {isa = PBXBuildFile; fileRef = 5F16451A13606A8B001179CA /* BoardGameListController.m */; };
		5F16451D13606A8C001179CA /* BoardGameListController.xib in Resources */ = {isa = PBXBuildFile; fileRef = 5F16451B13606A8B001179CA /* BoardGameListController.xib */; };
		5F1645211360768C001179CA /* cell-background.png in Resources */ = {isa = PBXBuildFile; fileRef = 5F16451F1360768C001179CA /* cell-background.png */; };
		5F1645221360768C001179CA /* cell-background@2x.png in Resources */ = {isa = PBXBuildFile; fileRef = 5F1645201360768C001179CA /* cell-background@2x.png */; };
		5F164525136077FB001179CA /* BoardGameListCell.m in Sources */ = {isa = PBXBuildFile; fileRef = 5F164524136077FA001179CA /* BoardGameListCell.m */; };
		5F16452813607EE1001179CA /* DBBoardGame+Extras.m in Sources */ = {isa = PBXBuildFile; fileRef = 5F16452713607EE0001179CA /* DBBoardGame+Extras.m */; };
		5F1F9779135C6FC1007EB84C /* SSToolkit.bundle in Resources */ = {isa = PBXBuildFile; fileRef = 5F1F9778135C6FC0007EB84C /* SSToolkit.bundle */; };
		5F1F97DA135C7A57007EB84C /* menu-icon-selected.png in Resources */ = {isa = PBXBuildFile; fileRef = 5F1F97D6135C7A57007EB84C /* menu-icon-selected.png */; };
		5F1F97DB135C7A57007EB84C /* menu-icon-selected@2x.png in Resources */ = {isa = PBXBuildFile; fileRef = 5F1F97D7135C7A57007EB84C /* menu-icon-selected@2x.png */; };
		5F1F97DC135C7A57007EB84C /* menu-icon.png in Resources */ = {isa = PBXBuildFile; fileRef = 5F1F97D8135C7A57007EB84C /* menu-icon.png */; };
		5F1F97DD135C7A57007EB84C /* menu-icon@2x.png in Resources */ = {isa = PBXBuildFile; fileRef = 5F1F97D9135C7A57007EB84C /* menu-icon@2x.png */; };
		5F1F97E8135C7DF6007EB84C /* HomeViewController.xib in Resources */ = {isa = PBXBuildFile; fileRef = 5FDAAABC134CBDBC002C97E0 /* HomeViewController.xib */; };
		5F2DC4C3136F073100A9E924 /* SettingsViewController.m in Sources */ = {isa = PBXBuildFile; fileRef = 5F2DC4C1136F073100A9E924 /* SettingsViewController.m */; };
		5F2DC4C4136F073100A9E924 /* SettingsViewController.xib in Resources */ = {isa = PBXBuildFile; fileRef = 5F2DC4C2136F073100A9E924 /* SettingsViewController.xib */; };
		5F2DC4CF136F0CF800A9E924 /* KeychainUtils.m in Sources */ = {isa = PBXBuildFile; fileRef = 5F2DC4CE136F0CF800A9E924 /* KeychainUtils.m */; };
		5F2DC4E4136F165200A9E924 /* text-back.png in Resources */ = {isa = PBXBuildFile; fileRef = 5F2DC4E2136F165200A9E924 /* text-back.png */; };
		5F2DC4E5136F165200A9E924 /* text-back@2x.png in Resources */ = {isa = PBXBuildFile; fileRef = 5F2DC4E3136F165200A9E924 /* text-back@2x.png */; };
		5F2DC4E7136F16B400A9E924 /* Security.framework in Frameworks */ = {isa = PBXBuildFile; fileRef = 5F2DC4E6136F16B400A9E924 /* Security.framework */; };
		5F32320613672EE90051F624 /* WEPopoverContainerView.m in Sources */ = {isa = PBXBuildFile; fileRef = 5F32320213672EE90051F624 /* WEPopoverContainerView.m */; };
		5F32320713672EE90051F624 /* WEPopoverController.m in Sources */ = {isa = PBXBuildFile; fileRef = 5F32320413672EE90051F624 /* WEPopoverController.m */; };
		5F32320F13672F210051F624 /* popoverArrowDown.png in Resources */ = {isa = PBXBuildFile; fileRef = 5F32320913672F210051F624 /* popoverArrowDown.png */; };
		5F32321013672F210051F624 /* popoverArrowLeft.png in Resources */ = {isa = PBXBuildFile; fileRef = 5F32320A13672F210051F624 /* popoverArrowLeft.png */; };
		5F32321113672F210051F624 /* popoverArrowRight.png in Resources */ = {isa = PBXBuildFile; fileRef = 5F32320B13672F210051F624 /* popoverArrowRight.png */; };
		5F32321213672F210051F624 /* popoverArrowUp.png in Resources */ = {isa = PBXBuildFile; fileRef = 5F32320C13672F210051F624 /* popoverArrowUp.png */; };
		5F32321313672F210051F624 /* popoverBg.png in Resources */ = {isa = PBXBuildFile; fileRef = 5F32320D13672F210051F624 /* popoverBg.png */; };
		5F32321413672F210051F624 /* popoverBgSmall.png in Resources */ = {isa = PBXBuildFile; fileRef = 5F32320E13672F210051F624 /* popoverBgSmall.png */; };
		5F43ECD6135F2BC4004EA6AB /* XPathQuery.m in Sources */ = {isa = PBXBuildFile; fileRef = 5F43ECD5135F2BC4004EA6AB /* XPathQuery.m */; };
		5F43ECD8135F2C29004EA6AB /* libxml2.dylib in Frameworks */ = {isa = PBXBuildFile; fileRef = 5F43ECD7135F2C29004EA6AB /* libxml2.dylib */; };
		5F5EE54B137C1A850074F4EB /* DBCategory+Extras.m in Sources */ = {isa = PBXBuildFile; fileRef = 5F5EE54A137C1A850074F4EB /* DBCategory+Extras.m */; };
		5F5EE5A0137C1B9E0074F4EB /* BGGIdNameLookup.m in Sources */ = {isa = PBXBuildFile; fileRef = 5F5EE591137C1B940074F4EB /* BGGIdNameLookup.m */; };
		5F5EE5A1137C1B9E0074F4EB /* DataAccess+Category.m in Sources */ = {isa = PBXBuildFile; fileRef = 5F5EE593137C1B950074F4EB /* DataAccess+Category.m */; };
		5F5EE5A2137C1B9E0074F4EB /* DataAccess+Mechanic.m in Sources */ = {isa = PBXBuildFile; fileRef = 5F5EE595137C1B950074F4EB /* DataAccess+Mechanic.m */; };
		5F5EE5A3137C1B9E0074F4EB /* DataAccess+Person.m in Sources */ = {isa = PBXBuildFile; fileRef = 5F5EE597137C1B9A0074F4EB /* DataAccess+Person.m */; };
		5F5EE5A4137C1B9E0074F4EB /* DataAccess+Publisher.m in Sources */ = {isa = PBXBuildFile; fileRef = 5F5EE599137C1B9B0074F4EB /* DataAccess+Publisher.m */; };
		5F5EE5A5137C1B9E0074F4EB /* DBMechanic+Extras.m in Sources */ = {isa = PBXBuildFile; fileRef = 5F5EE59B137C1B9B0074F4EB /* DBMechanic+Extras.m */; };
		5F5EE5A6137C1B9E0074F4EB /* DBPerson+Extras.m in Sources */ = {isa = PBXBuildFile; fileRef = 5F5EE59D137C1B9D0074F4EB /* DBPerson+Extras.m */; };
		5F5EE5A7137C1B9E0074F4EB /* DBPublisher+Extras.m in Sources */ = {isa = PBXBuildFile; fileRef = 5F5EE59F137C1B9E0074F4EB /* DBPublisher+Extras.m */; };
		5F6C7799135E10AD00891634 /* StorageHelper.m in Sources */ = {isa = PBXBuildFile; fileRef = 5F6C7798135E10AD00891634 /* StorageHelper.m */; };
		5F75744413400E1000C82F3B /* UIKit.framework in Frameworks */ = {isa = PBXBuildFile; fileRef = 5F75744313400E1000C82F3B /* UIKit.framework */; };
		5F75744613400E1000C82F3B /* Foundation.framework in Frameworks */ = {isa = PBXBuildFile; fileRef = 5F75744513400E1000C82F3B /* Foundation.framework */; };
		5F75744813400E1000C82F3B /* CoreGraphics.framework in Frameworks */ = {isa = PBXBuildFile; fileRef = 5F75744713400E1000C82F3B /* CoreGraphics.framework */; };
		5F75744E13400E1000C82F3B /* InfoPlist.strings in Resources */ = {isa = PBXBuildFile; fileRef = 5F75744C13400E1000C82F3B /* InfoPlist.strings */; };
		5F75745113400E1000C82F3B /* main.m in Sources */ = {isa = PBXBuildFile; fileRef = 5F75745013400E1000C82F3B /* main.m */; };
		5F75745713400E1000C82F3B /* MainWindow.xib in Resources */ = {isa = PBXBuildFile; fileRef = 5F75745513400E1000C82F3B /* MainWindow.xib */; };
		5F75745D13400E1000C82F3B /* bggViewController.xib in Resources */ = {isa = PBXBuildFile; fileRef = 5F75745B13400E1000C82F3B /* bggViewController.xib */; };
		5F75759B134142E200C82F3B /* Icon.png in Resources */ = {isa = PBXBuildFile; fileRef = 5F75759A134142E200C82F3B /* Icon.png */; };
		5F75759E1341449C00C82F3B /* BGGAppDelegate.m in Sources */ = {isa = PBXBuildFile; fileRef = 5F75759D1341449C00C82F3B /* BGGAppDelegate.m */; };
		5F7575A1134144C100C82F3B /* BGGViewController.m in Sources */ = {isa = PBXBuildFile; fileRef = 5F7575A0134144C100C82F3B /* BGGViewController.m */; };
		5F7575B61341456800C82F3B /* Globals.m in Sources */ = {isa = PBXBuildFile; fileRef = 5F7575B51341456700C82F3B /* Globals.m */; };
		5F7575E0134166DA00C82F3B /* BreadcrumbView.xib in Resources */ = {isa = PBXBuildFile; fileRef = 5F7575DD134166DA00C82F3B /* BreadcrumbView.xib */; };
		5F7575E1134166DA00C82F3B /* BreadcrumbViewController.m in Sources */ = {isa = PBXBuildFile; fileRef = 5F7575DF134166DA00C82F3B /* BreadcrumbViewController.m */; };
		5F7575E4134166F700C82F3B /* StackSegmentedControl.m in Sources */ = {isa = PBXBuildFile; fileRef = 5F7575E3134166F700C82F3B /* StackSegmentedControl.m */; };
		5F83B557137191E4003B726E /* DBCategory.m in Sources */ = {isa = PBXBuildFile; fileRef = 5F83B556137191E4003B726E /* DBCategory.m */; };
		5F83B55A137191E4003B726E /* DBVideos.m in Sources */ = {isa = PBXBuildFile; fileRef = 5F83B559137191E4003B726E /* DBVideos.m */; };
		5F83B55D137191E5003B726E /* DBPerson.m in Sources */ = {isa = PBXBuildFile; fileRef = 5F83B55C137191E5003B726E /* DBPerson.m */; };
		5F83B560137191E5003B726E /* DBPublisher.m in Sources */ = {isa = PBXBuildFile; fileRef = 5F83B55F137191E5003B726E /* DBPublisher.m */; };
		5F83B563137191E5003B726E /* DBBoardGame.m in Sources */ = {isa = PBXBuildFile; fileRef = 5F83B562137191E5003B726E /* DBBoardGame.m */; };
		5F83B566137191E5003B726E /* DBMechanic.m in Sources */ = {isa = PBXBuildFile; fileRef = 5F83B565137191E5003B726E /* DBMechanic.m */; };
		5FCF6054135C45C300D9696E /* breadcrumb-back.png in Resources */ = {isa = PBXBuildFile; fileRef = 5FCF604A135C45C200D9696E /* breadcrumb-back.png */; };
		5FCF6055135C45C300D9696E /* breadcrumb-back@2x.png in Resources */ = {isa = PBXBuildFile; fileRef = 5FCF604B135C45C200D9696E /* breadcrumb-back@2x.png */; };
		5FCF6056135C45C300D9696E /* breadcrumb-home-selected.png in Resources */ = {isa = PBXBuildFile; fileRef = 5FCF604C135C45C200D9696E /* breadcrumb-home-selected.png */; };
		5FCF6057135C45C300D9696E /* breadcrumb-home-selected@2x.png in Resources */ = {isa = PBXBuildFile; fileRef = 5FCF604D135C45C200D9696E /* breadcrumb-home-selected@2x.png */; };
		5FCF6058135C45C300D9696E /* breadcrumb-home.png in Resources */ = {isa = PBXBuildFile; fileRef = 5FCF604E135C45C200D9696E /* breadcrumb-home.png */; };
		5FCF6059135C45C300D9696E /* breadcrumb-home@2x.png in Resources */ = {isa = PBXBuildFile; fileRef = 5FCF604F135C45C200D9696E /* breadcrumb-home@2x.png */; };
		5FCF605A135C45C300D9696E /* breadcrumb-step-selected.png in Resources */ = {isa = PBXBuildFile; fileRef = 5FCF6050135C45C200D9696E /* breadcrumb-step-selected.png */; };
		5FCF605B135C45C300D9696E /* breadcrumb-step-selected@2x.png in Resources */ = {isa = PBXBuildFile; fileRef = 5FCF6051135C45C300D9696E /* breadcrumb-step-selected@2x.png */; };
		5FCF605C135C45C300D9696E /* breadcrumb-step.png in Resources */ = {isa = PBXBuildFile; fileRef = 5FCF6052135C45C300D9696E /* breadcrumb-step.png */; };
		5FCF605D135C45C300D9696E /* breadcrumb-step@2x.png in Resources */ = {isa = PBXBuildFile; fileRef = 5FCF6053135C45C300D9696E /* breadcrumb-step@2x.png */; };
		5FCF6060135C45D600D9696E /* background.png in Resources */ = {isa = PBXBuildFile; fileRef = 5FCF605E135C45D600D9696E /* background.png */; };
		5FCF6061135C45D600D9696E /* background@2x.png in Resources */ = {isa = PBXBuildFile; fileRef = 5FCF605F135C45D600D9696E /* background@2x.png */; };
		5FDAAABD134CBDBC002C97E0 /* HomeViewController.m in Sources */ = {isa = PBXBuildFile; fileRef = 5FDAAABB134CBDBC002C97E0 /* HomeViewController.m */; };
		5FDBA746135DC2C6001C8292 /* Model.xcdatamodeld in Sources */ = {isa = PBXBuildFile; fileRef = 5FDBA744135DC2C6001C8292 /* Model.xcdatamodeld */; };
		5FDBA75A135DC3EE001C8292 /* CoreData.framework in Frameworks */ = {isa = PBXBuildFile; fileRef = 5FDBA759135DC3EE001C8292 /* CoreData.framework */; };
		5FDBA75D135DC5EA001C8292 /* DataAccess.m in Sources */ = {isa = PBXBuildFile; fileRef = 5FDBA75C135DC5EA001C8292 /* DataAccess.m */; };
		5FDBA762135DC64E001C8292 /* RemoteConnector.m in Sources */ = {isa = PBXBuildFile; fileRef = 5FDBA761135DC64E001C8292 /* RemoteConnector.m */; };
		5FDBA773135DC724001C8292 /* CDataScanner.m in Sources */ = {isa = PBXBuildFile; fileRef = 5FDBA765135DC724001C8292 /* CDataScanner.m */; };
		5FDBA774135DC724001C8292 /* CDataScanner_Extensions.m in Sources */ = {isa = PBXBuildFile; fileRef = 5FDBA768135DC724001C8292 /* CDataScanner_Extensions.m */; };
		5FDBA775135DC724001C8292 /* NSDictionary_JSONExtensions.m in Sources */ = {isa = PBXBuildFile; fileRef = 5FDBA76A135DC724001C8292 /* NSDictionary_JSONExtensions.m */; };
		5FDBA776135DC724001C8292 /* CJSONDeserializer.m in Sources */ = {isa = PBXBuildFile; fileRef = 5FDBA76D135DC724001C8292 /* CJSONDeserializer.m */; };
		5FDBA777135DC724001C8292 /* CJSONScanner.m in Sources */ = {isa = PBXBuildFile; fileRef = 5FDBA76F135DC724001C8292 /* CJSONScanner.m */; };
		5FDBA778135DC724001C8292 /* CJSONSerializer.m in Sources */ = {isa = PBXBuildFile; fileRef = 5FDBA771135DC724001C8292 /* CJSONSerializer.m */; };
		5FDBA783135DD15B001C8292 /* DataLoader.m in Sources */ = {isa = PBXBuildFile; fileRef = 5FDBA782135DD15B001C8292 /* DataLoader.m */; };
		5FDBA787135DD182001C8292 /* BGGHTMLScraper.m in Sources */ = {isa = PBXBuildFile; fileRef = 5FDBA786135DD182001C8292 /* BGGHTMLScraper.m */; };
		5FDBA790135DD207001C8292 /* BGGBoardGameLookup.m in Sources */ = {isa = PBXBuildFile; fileRef = 5FDBA789135DD206001C8292 /* BGGBoardGameLookup.m */; };
		5FDBA797135DD304001C8292 /* GamesRemoteConnector.m in Sources */ = {isa = PBXBuildFile; fileRef = 5FDBA796135DD304001C8292 /* GamesRemoteConnector.m */; };
		5FEFA335135DE58C00D53F28 /* InitialSyncViewController.m in Sources */ = {isa = PBXBuildFile; fileRef = 5FEFA334135DE58C00D53F28 /* InitialSyncViewController.m */; };
		5FEFA339135DE66700D53F28 /* libSSToolkit.a in Frameworks */ = {isa = PBXBuildFile; fileRef = 5FEFA338135DE66700D53F28 /* libSSToolkit.a */; };
/* End PBXBuildFile section */

/* Begin PBXContainerItemProxy section */
		5F07A5701367229C007336DC /* PBXContainerItemProxy */ = {
			isa = PBXContainerItemProxy;
			containerPortal = 5F1F97B3135C7090007EB84C /* SSToolkit.xcodeproj */;
			proxyType = 2;
			remoteGlobalIDString = B239101D1357DC3E00ADE21B;
			remoteInfo = SSToolkitTests;
		};
		5F1F97BC135C7091007EB84C /* PBXContainerItemProxy */ = {
			isa = PBXContainerItemProxy;
			containerPortal = 5F1F97B3135C7090007EB84C /* SSToolkit.xcodeproj */;
			proxyType = 2;
			remoteGlobalIDString = D2AAC07E0554694100DB518D;
			remoteInfo = SSToolkit;
		};
		5FEFA336135DE66200D53F28 /* PBXContainerItemProxy */ = {
			isa = PBXContainerItemProxy;
			containerPortal = 5F1F97B3135C7090007EB84C /* SSToolkit.xcodeproj */;
			proxyType = 1;
			remoteGlobalIDString = D2AAC07D0554694100DB518D;
			remoteInfo = SSToolkit;
		};
/* End PBXContainerItemProxy section */

/* Begin PBXFileReference section */
		320AF8492C47A4D819F7C450 /* QuartzCore.framework */ = {isa = PBXFileReference; lastKnownFileType = wrapper.framework; name = QuartzCore.framework; path = System/Library/Frameworks/QuartzCore.framework; sourceTree = SDKROOT; };
		49A2F2DA137990980021466C /* BoardGameHeaderCell.h */ = {isa = PBXFileReference; fileEncoding = 4; lastKnownFileType = sourcecode.c.h; path = BoardGameHeaderCell.h; sourceTree = "<group>"; };
		49A2F2DB137991090021466C /* BoardGameHeaderCell.m */ = {isa = PBXFileReference; fileEncoding = 4; lastKnownFileType = sourcecode.c.objc; path = BoardGameHeaderCell.m; sourceTree = "<group>"; };
		49A2F2FB137B09CD0021466C /* BoardGameRatingCell.h */ = {isa = PBXFileReference; fileEncoding = 4; lastKnownFileType = sourcecode.c.h; path = BoardGameRatingCell.h; sourceTree = "<group>"; };
		49A2F2FC137B09CE0021466C /* BoardGameRatingCell.m */ = {isa = PBXFileReference; fileEncoding = 4; lastKnownFileType = sourcecode.c.objc; path = BoardGameRatingCell.m; sourceTree = "<group>"; };
		49A2F2FE137B2EB70021466C /* table-cell.png */ = {isa = PBXFileReference; lastKnownFileType = image.png; name = "table-cell.png"; path = "../../../../design/png/table-cell.png"; sourceTree = "<group>"; };
		49A2F300137B2ED40021466C /* table-header.png */ = {isa = PBXFileReference; lastKnownFileType = image.png; name = "table-header.png"; path = "../../../../design/png/table-header.png"; sourceTree = "<group>"; };
		49FAF6451378705D00CC4D43 /* BoardGameController.h */ = {isa = PBXFileReference; fileEncoding = 4; lastKnownFileType = sourcecode.c.h; path = BoardGameController.h; sourceTree = "<group>"; };
		49FAF6461378705D00CC4D43 /* BoardGameController.m */ = {isa = PBXFileReference; fileEncoding = 4; lastKnownFileType = sourcecode.c.objc; path = BoardGameController.m; sourceTree = "<group>"; };
		49FAF6471378705D00CC4D43 /* BoardGameController.xib */ = {isa = PBXFileReference; fileEncoding = 4; lastKnownFileType = file.xib; path = BoardGameController.xib; sourceTree = "<group>"; };
		5F07A55D13670F2A007336DC /* IBreadcrumbMenuDelegate.h */ = {isa = PBXFileReference; fileEncoding = 4; lastKnownFileType = sourcecode.c.h; path = IBreadcrumbMenuDelegate.h; sourceTree = "<group>"; };
		5F10D4631370BF6F00E0B743 /* BGGXMLScraper.h */ = {isa = PBXFileReference; fileEncoding = 4; lastKnownFileType = sourcecode.c.h; path = BGGXMLScraper.h; sourceTree = "<group>"; };
		5F10D4641370BF6F00E0B743 /* BGGXMLScraper.m */ = {isa = PBXFileReference; fileEncoding = 4; lastKnownFileType = sourcecode.c.objc; path = BGGXMLScraper.m; sourceTree = "<group>"; };
		5F10D4661370D01400E0B743 /* BGGBoardGame.h */ = {isa = PBXFileReference; fileEncoding = 4; lastKnownFileType = sourcecode.c.h; path = BGGBoardGame.h; sourceTree = "<group>"; };
		5F10D4671370D01400E0B743 /* BGGBoardGame.m */ = {isa = PBXFileReference; fileEncoding = 4; lastKnownFileType = sourcecode.c.objc; path = BGGBoardGame.m; sourceTree = "<group>"; };
		5F10D46913718AC100E0B743 /* popup-back-small.png */ = {isa = PBXFileReference; lastKnownFileType = image.png; name = "popup-back-small.png"; path = "Images/popup-back-small.png"; sourceTree = "<group>"; };
		5F10D46A13718AC100E0B743 /* popup-back-small@2x.png */ = {isa = PBXFileReference; lastKnownFileType = image.png; name = "popup-back-small@2x.png"; path = "Images/popup-back-small@2x.png"; sourceTree = "<group>"; };
		5F1645001360674A001179CA /* DataAccess+BoardGame.h */ = {isa = PBXFileReference; fileEncoding = 4; lastKnownFileType = sourcecode.c.h; path = "DataAccess+BoardGame.h"; sourceTree = "<group>"; };
		5F1645011360674A001179CA /* DataAccess+BoardGame.m */ = {isa = PBXFileReference; fileEncoding = 4; lastKnownFileType = sourcecode.c.objc; path = "DataAccess+BoardGame.m"; sourceTree = "<group>"; };
		5F16451913606A8B001179CA /* BoardGameListController.h */ = {isa = PBXFileReference; fileEncoding = 4; lastKnownFileType = sourcecode.c.h; path = BoardGameListController.h; sourceTree = "<group>"; };
		5F16451A13606A8B001179CA /* BoardGameListController.m */ = {isa = PBXFileReference; fileEncoding = 4; lastKnownFileType = sourcecode.c.objc; path = BoardGameListController.m; sourceTree = "<group>"; };
		5F16451B13606A8B001179CA /* BoardGameListController.xib */ = {isa = PBXFileReference; fileEncoding = 4; lastKnownFileType = file.xib; path = BoardGameListController.xib; sourceTree = "<group>"; };
		5F16451F1360768C001179CA /* cell-background.png */ = {isa = PBXFileReference; lastKnownFileType = image.png; name = "cell-background.png"; path = "Images/cell-background.png"; sourceTree = "<group>"; };
		5F1645201360768C001179CA /* cell-background@2x.png */ = {isa = PBXFileReference; lastKnownFileType = image.png; name = "cell-background@2x.png"; path = "Images/cell-background@2x.png"; sourceTree = "<group>"; };
		5F164523136077FA001179CA /* BoardGameListCell.h */ = {isa = PBXFileReference; fileEncoding = 4; lastKnownFileType = sourcecode.c.h; path = BoardGameListCell.h; sourceTree = "<group>"; };
		5F164524136077FA001179CA /* BoardGameListCell.m */ = {isa = PBXFileReference; fileEncoding = 4; lastKnownFileType = sourcecode.c.objc; path = BoardGameListCell.m; sourceTree = "<group>"; };
		5F16452613607EE0001179CA /* DBBoardGame+Extras.h */ = {isa = PBXFileReference; fileEncoding = 4; lastKnownFileType = sourcecode.c.h; path = "DBBoardGame+Extras.h"; sourceTree = "<group>"; };
		5F16452713607EE0001179CA /* DBBoardGame+Extras.m */ = {isa = PBXFileReference; fileEncoding = 4; lastKnownFileType = sourcecode.c.objc; path = "DBBoardGame+Extras.m"; sourceTree = "<group>"; };
		5F1D64FF136F6084004D76CD /* IBreadcrumbController.h */ = {isa = PBXFileReference; fileEncoding = 4; lastKnownFileType = sourcecode.c.h; path = IBreadcrumbController.h; sourceTree = "<group>"; };
		5F1F9778135C6FC0007EB84C /* SSToolkit.bundle */ = {isa = PBXFileReference; lastKnownFileType = "wrapper.plug-in"; name = SSToolkit.bundle; path = ../../../../libs/sstoolkit/Resources/SSToolkit.bundle; sourceTree = "<group>"; };
		5F1F97B3135C7090007EB84C /* SSToolkit.xcodeproj */ = {isa = PBXFileReference; lastKnownFileType = "wrapper.pb-project"; name = SSToolkit.xcodeproj; path = ../../libs/sstoolkit/SSToolkit.xcodeproj; sourceTree = "<group>"; };
		5F1F97D6135C7A57007EB84C /* menu-icon-selected.png */ = {isa = PBXFileReference; lastKnownFileType = image.png; name = "menu-icon-selected.png"; path = "../../../../design/png/menu-icon-selected.png"; sourceTree = "<group>"; };
		5F1F97D7135C7A57007EB84C /* menu-icon-selected@2x.png */ = {isa = PBXFileReference; lastKnownFileType = image.png; name = "menu-icon-selected@2x.png"; path = "../../../../design/png/menu-icon-selected@2x.png"; sourceTree = "<group>"; };
		5F1F97D8135C7A57007EB84C /* menu-icon.png */ = {isa = PBXFileReference; lastKnownFileType = image.png; name = "menu-icon.png"; path = "../../../../design/png/menu-icon.png"; sourceTree = "<group>"; };
		5F1F97D9135C7A57007EB84C /* menu-icon@2x.png */ = {isa = PBXFileReference; lastKnownFileType = image.png; name = "menu-icon@2x.png"; path = "../../../../design/png/menu-icon@2x.png"; sourceTree = "<group>"; };
		5F2DC4C0136F073100A9E924 /* SettingsViewController.h */ = {isa = PBXFileReference; fileEncoding = 4; lastKnownFileType = sourcecode.c.h; path = SettingsViewController.h; sourceTree = "<group>"; };
		5F2DC4C1136F073100A9E924 /* SettingsViewController.m */ = {isa = PBXFileReference; fileEncoding = 4; lastKnownFileType = sourcecode.c.objc; path = SettingsViewController.m; sourceTree = "<group>"; };
		5F2DC4C2136F073100A9E924 /* SettingsViewController.xib */ = {isa = PBXFileReference; fileEncoding = 4; lastKnownFileType = file.xib; path = SettingsViewController.xib; sourceTree = "<group>"; };
		5F2DC4CD136F0CF800A9E924 /* KeychainUtils.h */ = {isa = PBXFileReference; fileEncoding = 4; lastKnownFileType = sourcecode.c.h; path = KeychainUtils.h; sourceTree = "<group>"; };
		5F2DC4CE136F0CF800A9E924 /* KeychainUtils.m */ = {isa = PBXFileReference; fileEncoding = 4; lastKnownFileType = sourcecode.c.objc; path = KeychainUtils.m; sourceTree = "<group>"; };
		5F2DC4E2136F165200A9E924 /* text-back.png */ = {isa = PBXFileReference; lastKnownFileType = image.png; path = "text-back.png"; sourceTree = "<group>"; };
		5F2DC4E3136F165200A9E924 /* text-back@2x.png */ = {isa = PBXFileReference; lastKnownFileType = image.png; path = "text-back@2x.png"; sourceTree = "<group>"; };
		5F2DC4E6136F16B400A9E924 /* Security.framework */ = {isa = PBXFileReference; lastKnownFileType = wrapper.framework; name = Security.framework; path = System/Library/Frameworks/Security.framework; sourceTree = SDKROOT; };
		5F32320113672EE90051F624 /* WEPopoverContainerView.h */ = {isa = PBXFileReference; fileEncoding = 4; lastKnownFileType = sourcecode.c.h; name = WEPopoverContainerView.h; path = ../../libs/wePopover/Classes/WEPopoverContainerView.h; sourceTree = "<group>"; };
		5F32320213672EE90051F624 /* WEPopoverContainerView.m */ = {isa = PBXFileReference; fileEncoding = 4; lastKnownFileType = sourcecode.c.objc; name = WEPopoverContainerView.m; path = ../../libs/wePopover/Classes/WEPopoverContainerView.m; sourceTree = "<group>"; };
		5F32320313672EE90051F624 /* WEPopoverController.h */ = {isa = PBXFileReference; fileEncoding = 4; lastKnownFileType = sourcecode.c.h; name = WEPopoverController.h; path = ../../libs/wePopover/Classes/WEPopoverController.h; sourceTree = "<group>"; };
		5F32320413672EE90051F624 /* WEPopoverController.m */ = {isa = PBXFileReference; fileEncoding = 4; lastKnownFileType = sourcecode.c.objc; name = WEPopoverController.m; path = ../../libs/wePopover/Classes/WEPopoverController.m; sourceTree = "<group>"; };
		5F32320513672EE90051F624 /* WEPopoverParentView.h */ = {isa = PBXFileReference; fileEncoding = 4; lastKnownFileType = sourcecode.c.h; name = WEPopoverParentView.h; path = ../../libs/wePopover/Classes/WEPopoverParentView.h; sourceTree = "<group>"; };
		5F32320913672F210051F624 /* popoverArrowDown.png */ = {isa = PBXFileReference; lastKnownFileType = image.png; name = popoverArrowDown.png; path = ../../../../libs/wePopover/popoverArrowDown.png; sourceTree = "<group>"; };
		5F32320A13672F210051F624 /* popoverArrowLeft.png */ = {isa = PBXFileReference; lastKnownFileType = image.png; name = popoverArrowLeft.png; path = ../../../../libs/wePopover/popoverArrowLeft.png; sourceTree = "<group>"; };
		5F32320B13672F210051F624 /* popoverArrowRight.png */ = {isa = PBXFileReference; lastKnownFileType = image.png; name = popoverArrowRight.png; path = ../../../../libs/wePopover/popoverArrowRight.png; sourceTree = "<group>"; };
		5F32320C13672F210051F624 /* popoverArrowUp.png */ = {isa = PBXFileReference; lastKnownFileType = image.png; name = popoverArrowUp.png; path = ../../../../libs/wePopover/popoverArrowUp.png; sourceTree = "<group>"; };
		5F32320D13672F210051F624 /* popoverBg.png */ = {isa = PBXFileReference; lastKnownFileType = image.png; name = popoverBg.png; path = ../../../../libs/wePopover/popoverBg.png; sourceTree = "<group>"; };
		5F32320E13672F210051F624 /* popoverBgSmall.png */ = {isa = PBXFileReference; lastKnownFileType = image.png; name = popoverBgSmall.png; path = ../../../../libs/wePopover/popoverBgSmall.png; sourceTree = "<group>"; };
		5F43ECD4135F2BC4004EA6AB /* XPathQuery.h */ = {isa = PBXFileReference; fileEncoding = 4; lastKnownFileType = sourcecode.c.h; path = XPathQuery.h; sourceTree = "<group>"; };
		5F43ECD5135F2BC4004EA6AB /* XPathQuery.m */ = {isa = PBXFileReference; fileEncoding = 4; lastKnownFileType = sourcecode.c.objc; path = XPathQuery.m; sourceTree = "<group>"; };
		5F43ECD7135F2C29004EA6AB /* libxml2.dylib */ = {isa = PBXFileReference; lastKnownFileType = "compiled.mach-o.dylib"; name = libxml2.dylib; path = usr/lib/libxml2.dylib; sourceTree = SDKROOT; };
		5F5EE549137C1A850074F4EB /* DBCategory+Extras.h */ = {isa = PBXFileReference; fileEncoding = 4; lastKnownFileType = sourcecode.c.h; path = "DBCategory+Extras.h"; sourceTree = "<group>"; };
		5F5EE54A137C1A850074F4EB /* DBCategory+Extras.m */ = {isa = PBXFileReference; fileEncoding = 4; lastKnownFileType = sourcecode.c.objc; path = "DBCategory+Extras.m"; sourceTree = "<group>"; };
		5F5EE590137C1B940074F4EB /* BGGIdNameLookup.h */ = {isa = PBXFileReference; fileEncoding = 4; lastKnownFileType = sourcecode.c.h; path = BGGIdNameLookup.h; sourceTree = "<group>"; };
		5F5EE591137C1B940074F4EB /* BGGIdNameLookup.m */ = {isa = PBXFileReference; fileEncoding = 4; lastKnownFileType = sourcecode.c.objc; path = BGGIdNameLookup.m; sourceTree = "<group>"; };
		5F5EE592137C1B940074F4EB /* DataAccess+Category.h */ = {isa = PBXFileReference; fileEncoding = 4; lastKnownFileType = sourcecode.c.h; path = "DataAccess+Category.h"; sourceTree = "<group>"; };
		5F5EE593137C1B950074F4EB /* DataAccess+Category.m */ = {isa = PBXFileReference; fileEncoding = 4; lastKnownFileType = sourcecode.c.objc; path = "DataAccess+Category.m"; sourceTree = "<group>"; };
		5F5EE594137C1B950074F4EB /* DataAccess+Mechanic.h */ = {isa = PBXFileReference; fileEncoding = 4; lastKnownFileType = sourcecode.c.h; path = "DataAccess+Mechanic.h"; sourceTree = "<group>"; };
		5F5EE595137C1B950074F4EB /* DataAccess+Mechanic.m */ = {isa = PBXFileReference; fileEncoding = 4; lastKnownFileType = sourcecode.c.objc; path = "DataAccess+Mechanic.m"; sourceTree = "<group>"; };
		5F5EE596137C1B9A0074F4EB /* DataAccess+Person.h */ = {isa = PBXFileReference; fileEncoding = 4; lastKnownFileType = sourcecode.c.h; path = "DataAccess+Person.h"; sourceTree = "<group>"; };
		5F5EE597137C1B9A0074F4EB /* DataAccess+Person.m */ = {isa = PBXFileReference; fileEncoding = 4; lastKnownFileType = sourcecode.c.objc; path = "DataAccess+Person.m"; sourceTree = "<group>"; };
		5F5EE598137C1B9B0074F4EB /* DataAccess+Publisher.h */ = {isa = PBXFileReference; fileEncoding = 4; lastKnownFileType = sourcecode.c.h; path = "DataAccess+Publisher.h"; sourceTree = "<group>"; };
		5F5EE599137C1B9B0074F4EB /* DataAccess+Publisher.m */ = {isa = PBXFileReference; fileEncoding = 4; lastKnownFileType = sourcecode.c.objc; path = "DataAccess+Publisher.m"; sourceTree = "<group>"; };
		5F5EE59A137C1B9B0074F4EB /* DBMechanic+Extras.h */ = {isa = PBXFileReference; fileEncoding = 4; lastKnownFileType = sourcecode.c.h; path = "DBMechanic+Extras.h"; sourceTree = "<group>"; };
		5F5EE59B137C1B9B0074F4EB /* DBMechanic+Extras.m */ = {isa = PBXFileReference; fileEncoding = 4; lastKnownFileType = sourcecode.c.objc; path = "DBMechanic+Extras.m"; sourceTree = "<group>"; };
		5F5EE59C137C1B9C0074F4EB /* DBPerson+Extras.h */ = {isa = PBXFileReference; fileEncoding = 4; lastKnownFileType = sourcecode.c.h; path = "DBPerson+Extras.h"; sourceTree = "<group>"; };
		5F5EE59D137C1B9D0074F4EB /* DBPerson+Extras.m */ = {isa = PBXFileReference; fileEncoding = 4; lastKnownFileType = sourcecode.c.objc; path = "DBPerson+Extras.m"; sourceTree = "<group>"; };
		5F5EE59E137C1B9E0074F4EB /* DBPublisher+Extras.h */ = {isa = PBXFileReference; fileEncoding = 4; lastKnownFileType = sourcecode.c.h; path = "DBPublisher+Extras.h"; sourceTree = "<group>"; };
		5F5EE59F137C1B9E0074F4EB /* DBPublisher+Extras.m */ = {isa = PBXFileReference; fileEncoding = 4; lastKnownFileType = sourcecode.c.objc; path = "DBPublisher+Extras.m"; sourceTree = "<group>"; };
		5F6C7797135E10AD00891634 /* StorageHelper.h */ = {isa = PBXFileReference; fileEncoding = 4; lastKnownFileType = sourcecode.c.h; path = StorageHelper.h; sourceTree = "<group>"; };
		5F6C7798135E10AD00891634 /* StorageHelper.m */ = {isa = PBXFileReference; fileEncoding = 4; lastKnownFileType = sourcecode.c.objc; path = StorageHelper.m; sourceTree = "<group>"; };
		5F75743F13400E1000C82F3B /* BGG.app */ = {isa = PBXFileReference; explicitFileType = wrapper.application; includeInIndex = 0; path = BGG.app; sourceTree = BUILT_PRODUCTS_DIR; };
		5F75744313400E1000C82F3B /* UIKit.framework */ = {isa = PBXFileReference; lastKnownFileType = wrapper.framework; name = UIKit.framework; path = System/Library/Frameworks/UIKit.framework; sourceTree = SDKROOT; };
		5F75744513400E1000C82F3B /* Foundation.framework */ = {isa = PBXFileReference; lastKnownFileType = wrapper.framework; name = Foundation.framework; path = System/Library/Frameworks/Foundation.framework; sourceTree = SDKROOT; };
		5F75744713400E1000C82F3B /* CoreGraphics.framework */ = {isa = PBXFileReference; lastKnownFileType = wrapper.framework; name = CoreGraphics.framework; path = System/Library/Frameworks/CoreGraphics.framework; sourceTree = SDKROOT; };
		5F75744B13400E1000C82F3B /* bgg-Info.plist */ = {isa = PBXFileReference; lastKnownFileType = text.plist.xml; path = "bgg-Info.plist"; sourceTree = "<group>"; };
		5F75744D13400E1000C82F3B /* en */ = {isa = PBXFileReference; lastKnownFileType = text.plist.strings; name = en; path = en.lproj/InfoPlist.strings; sourceTree = "<group>"; };
		5F75744F13400E1000C82F3B /* bgg-Prefix.pch */ = {isa = PBXFileReference; lastKnownFileType = sourcecode.c.h; path = "bgg-Prefix.pch"; sourceTree = "<group>"; };
		5F75745013400E1000C82F3B /* main.m */ = {isa = PBXFileReference; lastKnownFileType = sourcecode.c.objc; path = main.m; sourceTree = "<group>"; };
		5F75745613400E1000C82F3B /* en */ = {isa = PBXFileReference; lastKnownFileType = file.xib; name = en; path = en.lproj/MainWindow.xib; sourceTree = "<group>"; };
		5F75745C13400E1000C82F3B /* en */ = {isa = PBXFileReference; lastKnownFileType = file.xib; name = en; path = en.lproj/bggViewController.xib; sourceTree = "<group>"; };
		5F75759A134142E200C82F3B /* Icon.png */ = {isa = PBXFileReference; lastKnownFileType = image.png; path = Icon.png; sourceTree = "<group>"; };
		5F75759C1341449C00C82F3B /* BGGAppDelegate.h */ = {isa = PBXFileReference; fileEncoding = 4; lastKnownFileType = sourcecode.c.h; path = BGGAppDelegate.h; sourceTree = "<group>"; };
		5F75759D1341449C00C82F3B /* BGGAppDelegate.m */ = {isa = PBXFileReference; fileEncoding = 4; lastKnownFileType = sourcecode.c.objc; path = BGGAppDelegate.m; sourceTree = "<group>"; };
		5F75759F134144C000C82F3B /* BGGViewController.h */ = {isa = PBXFileReference; fileEncoding = 4; lastKnownFileType = sourcecode.c.h; path = BGGViewController.h; sourceTree = "<group>"; };
		5F7575A0134144C100C82F3B /* BGGViewController.m */ = {isa = PBXFileReference; fileEncoding = 4; lastKnownFileType = sourcecode.c.objc; path = BGGViewController.m; sourceTree = "<group>"; };
		5F7575B41341456700C82F3B /* Globals.h */ = {isa = PBXFileReference; fileEncoding = 4; lastKnownFileType = sourcecode.c.h; path = Globals.h; sourceTree = "<group>"; };
		5F7575B51341456700C82F3B /* Globals.m */ = {isa = PBXFileReference; fileEncoding = 4; lastKnownFileType = sourcecode.c.objc; path = Globals.m; sourceTree = "<group>"; };
		5F7575DD134166DA00C82F3B /* BreadcrumbView.xib */ = {isa = PBXFileReference; fileEncoding = 4; lastKnownFileType = file.xib; path = BreadcrumbView.xib; sourceTree = "<group>"; };
		5F7575DE134166DA00C82F3B /* BreadcrumbViewController.h */ = {isa = PBXFileReference; fileEncoding = 4; lastKnownFileType = sourcecode.c.h; path = BreadcrumbViewController.h; sourceTree = "<group>"; };
		5F7575DF134166DA00C82F3B /* BreadcrumbViewController.m */ = {isa = PBXFileReference; fileEncoding = 4; lastKnownFileType = sourcecode.c.objc; path = BreadcrumbViewController.m; sourceTree = "<group>"; };
		5F7575E2134166F700C82F3B /* StackSegmentedControl.h */ = {isa = PBXFileReference; fileEncoding = 4; lastKnownFileType = sourcecode.c.h; path = StackSegmentedControl.h; sourceTree = "<group>"; };
		5F7575E3134166F700C82F3B /* StackSegmentedControl.m */ = {isa = PBXFileReference; fileEncoding = 4; lastKnownFileType = sourcecode.c.objc; path = StackSegmentedControl.m; sourceTree = "<group>"; };
		5F83B555137191E4003B726E /* DBCategory.h */ = {isa = PBXFileReference; fileEncoding = 4; lastKnownFileType = sourcecode.c.h; path = DBCategory.h; sourceTree = "<group>"; };
		5F83B556137191E4003B726E /* DBCategory.m */ = {isa = PBXFileReference; fileEncoding = 4; lastKnownFileType = sourcecode.c.objc; path = DBCategory.m; sourceTree = "<group>"; };
		5F83B558137191E4003B726E /* DBVideos.h */ = {isa = PBXFileReference; fileEncoding = 4; lastKnownFileType = sourcecode.c.h; path = DBVideos.h; sourceTree = "<group>"; };
		5F83B559137191E4003B726E /* DBVideos.m */ = {isa = PBXFileReference; fileEncoding = 4; lastKnownFileType = sourcecode.c.objc; path = DBVideos.m; sourceTree = "<group>"; };
		5F83B55B137191E5003B726E /* DBPerson.h */ = {isa = PBXFileReference; fileEncoding = 4; lastKnownFileType = sourcecode.c.h; path = DBPerson.h; sourceTree = "<group>"; };
		5F83B55C137191E5003B726E /* DBPerson.m */ = {isa = PBXFileReference; fileEncoding = 4; lastKnownFileType = sourcecode.c.objc; path = DBPerson.m; sourceTree = "<group>"; };
		5F83B55E137191E5003B726E /* DBPublisher.h */ = {isa = PBXFileReference; fileEncoding = 4; lastKnownFileType = sourcecode.c.h; path = DBPublisher.h; sourceTree = "<group>"; };
		5F83B55F137191E5003B726E /* DBPublisher.m */ = {isa = PBXFileReference; fileEncoding = 4; lastKnownFileType = sourcecode.c.objc; path = DBPublisher.m; sourceTree = "<group>"; };
		5F83B561137191E5003B726E /* DBBoardGame.h */ = {isa = PBXFileReference; fileEncoding = 4; lastKnownFileType = sourcecode.c.h; path = DBBoardGame.h; sourceTree = "<group>"; };
		5F83B562137191E5003B726E /* DBBoardGame.m */ = {isa = PBXFileReference; fileEncoding = 4; lastKnownFileType = sourcecode.c.objc; path = DBBoardGame.m; sourceTree = "<group>"; };
		5F83B564137191E5003B726E /* DBMechanic.h */ = {isa = PBXFileReference; fileEncoding = 4; lastKnownFileType = sourcecode.c.h; path = DBMechanic.h; sourceTree = "<group>"; };
		5F83B565137191E5003B726E /* DBMechanic.m */ = {isa = PBXFileReference; fileEncoding = 4; lastKnownFileType = sourcecode.c.objc; path = DBMechanic.m; sourceTree = "<group>"; };
		5FCF604A135C45C200D9696E /* breadcrumb-back.png */ = {isa = PBXFileReference; lastKnownFileType = image.png; name = "breadcrumb-back.png"; path = "Images/breadcrumb-back.png"; sourceTree = "<group>"; };
		5FCF604B135C45C200D9696E /* breadcrumb-back@2x.png */ = {isa = PBXFileReference; lastKnownFileType = image.png; name = "breadcrumb-back@2x.png"; path = "Images/breadcrumb-back@2x.png"; sourceTree = "<group>"; };
		5FCF604C135C45C200D9696E /* breadcrumb-home-selected.png */ = {isa = PBXFileReference; lastKnownFileType = image.png; name = "breadcrumb-home-selected.png"; path = "Images/breadcrumb-home-selected.png"; sourceTree = "<group>"; };
		5FCF604D135C45C200D9696E /* breadcrumb-home-selected@2x.png */ = {isa = PBXFileReference; lastKnownFileType = image.png; name = "breadcrumb-home-selected@2x.png"; path = "Images/breadcrumb-home-selected@2x.png"; sourceTree = "<group>"; };
		5FCF604E135C45C200D9696E /* breadcrumb-home.png */ = {isa = PBXFileReference; lastKnownFileType = image.png; name = "breadcrumb-home.png"; path = "Images/breadcrumb-home.png"; sourceTree = "<group>"; };
		5FCF604F135C45C200D9696E /* breadcrumb-home@2x.png */ = {isa = PBXFileReference; lastKnownFileType = image.png; name = "breadcrumb-home@2x.png"; path = "Images/breadcrumb-home@2x.png"; sourceTree = "<group>"; };
		5FCF6050135C45C200D9696E /* breadcrumb-step-selected.png */ = {isa = PBXFileReference; lastKnownFileType = image.png; name = "breadcrumb-step-selected.png"; path = "Images/breadcrumb-step-selected.png"; sourceTree = "<group>"; };
		5FCF6051135C45C300D9696E /* breadcrumb-step-selected@2x.png */ = {isa = PBXFileReference; lastKnownFileType = image.png; name = "breadcrumb-step-selected@2x.png"; path = "Images/breadcrumb-step-selected@2x.png"; sourceTree = "<group>"; };
		5FCF6052135C45C300D9696E /* breadcrumb-step.png */ = {isa = PBXFileReference; lastKnownFileType = image.png; name = "breadcrumb-step.png"; path = "Images/breadcrumb-step.png"; sourceTree = "<group>"; };
		5FCF6053135C45C300D9696E /* breadcrumb-step@2x.png */ = {isa = PBXFileReference; lastKnownFileType = image.png; name = "breadcrumb-step@2x.png"; path = "Images/breadcrumb-step@2x.png"; sourceTree = "<group>"; };
		5FCF605E135C45D600D9696E /* background.png */ = {isa = PBXFileReference; lastKnownFileType = image.png; name = background.png; path = Images/background.png; sourceTree = "<group>"; };
		5FCF605F135C45D600D9696E /* background@2x.png */ = {isa = PBXFileReference; lastKnownFileType = image.png; name = "background@2x.png"; path = "Images/background@2x.png"; sourceTree = "<group>"; };
		5FDAAABA134CBDBC002C97E0 /* HomeViewController.h */ = {isa = PBXFileReference; fileEncoding = 4; lastKnownFileType = sourcecode.c.h; path = HomeViewController.h; sourceTree = "<group>"; };
		5FDAAABB134CBDBC002C97E0 /* HomeViewController.m */ = {isa = PBXFileReference; fileEncoding = 4; lastKnownFileType = sourcecode.c.objc; path = HomeViewController.m; sourceTree = "<group>"; };
		5FDAAABC134CBDBC002C97E0 /* HomeViewController.xib */ = {isa = PBXFileReference; fileEncoding = 4; lastKnownFileType = file.xib; path = HomeViewController.xib; sourceTree = "<group>"; };
		5FDBA745135DC2C6001C8292 /* Model.xcdatamodel */ = {isa = PBXFileReference; lastKnownFileType = wrapper.xcdatamodel; path = Model.xcdatamodel; sourceTree = "<group>"; };
		5FDBA759135DC3EE001C8292 /* CoreData.framework */ = {isa = PBXFileReference; lastKnownFileType = wrapper.framework; name = CoreData.framework; path = System/Library/Frameworks/CoreData.framework; sourceTree = SDKROOT; };
		5FDBA75B135DC5EA001C8292 /* DataAccess.h */ = {isa = PBXFileReference; fileEncoding = 4; lastKnownFileType = sourcecode.c.h; path = DataAccess.h; sourceTree = "<group>"; };
		5FDBA75C135DC5EA001C8292 /* DataAccess.m */ = {isa = PBXFileReference; fileEncoding = 4; lastKnownFileType = sourcecode.c.objc; path = DataAccess.m; sourceTree = "<group>"; };
		5FDBA760135DC64E001C8292 /* RemoteConnector.h */ = {isa = PBXFileReference; fileEncoding = 4; lastKnownFileType = sourcecode.c.h; path = RemoteConnector.h; sourceTree = "<group>"; };
		5FDBA761135DC64E001C8292 /* RemoteConnector.m */ = {isa = PBXFileReference; fileEncoding = 4; lastKnownFileType = sourcecode.c.objc; path = RemoteConnector.m; sourceTree = "<group>"; };
		5FDBA764135DC724001C8292 /* CDataScanner.h */ = {isa = PBXFileReference; fileEncoding = 4; lastKnownFileType = sourcecode.c.h; path = CDataScanner.h; sourceTree = "<group>"; };
		5FDBA765135DC724001C8292 /* CDataScanner.m */ = {isa = PBXFileReference; fileEncoding = 4; lastKnownFileType = sourcecode.c.objc; path = CDataScanner.m; sourceTree = "<group>"; };
		5FDBA767135DC724001C8292 /* CDataScanner_Extensions.h */ = {isa = PBXFileReference; fileEncoding = 4; lastKnownFileType = sourcecode.c.h; path = CDataScanner_Extensions.h; sourceTree = "<group>"; };
		5FDBA768135DC724001C8292 /* CDataScanner_Extensions.m */ = {isa = PBXFileReference; fileEncoding = 4; lastKnownFileType = sourcecode.c.objc; path = CDataScanner_Extensions.m; sourceTree = "<group>"; };
		5FDBA769135DC724001C8292 /* NSDictionary_JSONExtensions.h */ = {isa = PBXFileReference; fileEncoding = 4; lastKnownFileType = sourcecode.c.h; path = NSDictionary_JSONExtensions.h; sourceTree = "<group>"; };
		5FDBA76A135DC724001C8292 /* NSDictionary_JSONExtensions.m */ = {isa = PBXFileReference; fileEncoding = 4; lastKnownFileType = sourcecode.c.objc; path = NSDictionary_JSONExtensions.m; sourceTree = "<group>"; };
		5FDBA76C135DC724001C8292 /* CJSONDeserializer.h */ = {isa = PBXFileReference; fileEncoding = 4; lastKnownFileType = sourcecode.c.h; path = CJSONDeserializer.h; sourceTree = "<group>"; };
		5FDBA76D135DC724001C8292 /* CJSONDeserializer.m */ = {isa = PBXFileReference; fileEncoding = 4; lastKnownFileType = sourcecode.c.objc; path = CJSONDeserializer.m; sourceTree = "<group>"; };
		5FDBA76E135DC724001C8292 /* CJSONScanner.h */ = {isa = PBXFileReference; fileEncoding = 4; lastKnownFileType = sourcecode.c.h; path = CJSONScanner.h; sourceTree = "<group>"; };
		5FDBA76F135DC724001C8292 /* CJSONScanner.m */ = {isa = PBXFileReference; fileEncoding = 4; lastKnownFileType = sourcecode.c.objc; path = CJSONScanner.m; sourceTree = "<group>"; };
		5FDBA770135DC724001C8292 /* CJSONSerializer.h */ = {isa = PBXFileReference; fileEncoding = 4; lastKnownFileType = sourcecode.c.h; path = CJSONSerializer.h; sourceTree = "<group>"; };
		5FDBA771135DC724001C8292 /* CJSONSerializer.m */ = {isa = PBXFileReference; fileEncoding = 4; lastKnownFileType = sourcecode.c.objc; path = CJSONSerializer.m; sourceTree = "<group>"; };
		5FDBA772135DC724001C8292 /* JSONRepresentation.h */ = {isa = PBXFileReference; fileEncoding = 4; lastKnownFileType = sourcecode.c.h; path = JSONRepresentation.h; sourceTree = "<group>"; };
		5FDBA781135DD15A001C8292 /* DataLoader.h */ = {isa = PBXFileReference; fileEncoding = 4; lastKnownFileType = sourcecode.c.h; path = DataLoader.h; sourceTree = "<group>"; };
		5FDBA782135DD15B001C8292 /* DataLoader.m */ = {isa = PBXFileReference; fileEncoding = 4; lastKnownFileType = sourcecode.c.objc; path = DataLoader.m; sourceTree = "<group>"; };
		5FDBA785135DD182001C8292 /* BGGHTMLScraper.h */ = {isa = PBXFileReference; fileEncoding = 4; lastKnownFileType = sourcecode.c.h; path = BGGHTMLScraper.h; sourceTree = "<group>"; };
		5FDBA786135DD182001C8292 /* BGGHTMLScraper.m */ = {isa = PBXFileReference; fileEncoding = 4; lastKnownFileType = sourcecode.c.objc; path = BGGHTMLScraper.m; sourceTree = "<group>"; };
		5FDBA788135DD206001C8292 /* BGGBoardGameLookup.h */ = {isa = PBXFileReference; fileEncoding = 4; lastKnownFileType = sourcecode.c.h; path = BGGBoardGameLookup.h; sourceTree = "<group>"; };
		5FDBA789135DD206001C8292 /* BGGBoardGameLookup.m */ = {isa = PBXFileReference; fileEncoding = 4; lastKnownFileType = sourcecode.c.objc; path = BGGBoardGameLookup.m; sourceTree = "<group>"; };
		5FDBA795135DD304001C8292 /* GamesRemoteConnector.h */ = {isa = PBXFileReference; fileEncoding = 4; lastKnownFileType = sourcecode.c.h; path = GamesRemoteConnector.h; sourceTree = "<group>"; };
		5FDBA796135DD304001C8292 /* GamesRemoteConnector.m */ = {isa = PBXFileReference; fileEncoding = 4; lastKnownFileType = sourcecode.c.objc; path = GamesRemoteConnector.m; sourceTree = "<group>"; };
		5FEFA333135DE58C00D53F28 /* InitialSyncViewController.h */ = {isa = PBXFileReference; fileEncoding = 4; lastKnownFileType = sourcecode.c.h; path = InitialSyncViewController.h; sourceTree = "<group>"; };
		5FEFA334135DE58C00D53F28 /* InitialSyncViewController.m */ = {isa = PBXFileReference; fileEncoding = 4; lastKnownFileType = sourcecode.c.objc; path = InitialSyncViewController.m; sourceTree = "<group>"; };
		5FEFA338135DE66700D53F28 /* libSSToolkit.a */ = {isa = PBXFileReference; explicitFileType = archive.ar; path = libSSToolkit.a; sourceTree = SOURCE_ROOT; };
/* End PBXFileReference section */

/* Begin PBXFrameworksBuildPhase section */
		5F75743C13400E1000C82F3B /* Frameworks */ = {
			isa = PBXFrameworksBuildPhase;
			buildActionMask = 2147483647;
			files = (
				5F2DC4E7136F16B400A9E924 /* Security.framework in Frameworks */,
				5F43ECD8135F2C29004EA6AB /* libxml2.dylib in Frameworks */,
				5FDBA75A135DC3EE001C8292 /* CoreData.framework in Frameworks */,
				320AF8492C47A4D819F7C451 /* QuartzCore.framework in Frameworks */,
				5F75744413400E1000C82F3B /* UIKit.framework in Frameworks */,
				5F75744613400E1000C82F3B /* Foundation.framework in Frameworks */,
				5F75744813400E1000C82F3B /* CoreGraphics.framework in Frameworks */,
				5FEFA339135DE66700D53F28 /* libSSToolkit.a in Frameworks */,
			);
			runOnlyForDeploymentPostprocessing = 0;
		};
/* End PBXFrameworksBuildPhase section */

/* Begin PBXGroup section */
		5F164515136068B8001179CA /* Objects */ = {
			isa = PBXGroup;
			children = (
				5F83B564137191E5003B726E /* DBMechanic.h */,
				5F83B565137191E5003B726E /* DBMechanic.m */,
				5F83B561137191E5003B726E /* DBBoardGame.h */,
				5F83B562137191E5003B726E /* DBBoardGame.m */,
				5F83B55E137191E5003B726E /* DBPublisher.h */,
				5F83B55F137191E5003B726E /* DBPublisher.m */,
				5F83B55B137191E5003B726E /* DBPerson.h */,
				5F83B55C137191E5003B726E /* DBPerson.m */,
				5F83B558137191E4003B726E /* DBVideos.h */,
				5F83B559137191E4003B726E /* DBVideos.m */,
				5F83B555137191E4003B726E /* DBCategory.h */,
				5F83B556137191E4003B726E /* DBCategory.m */,
				5F16452613607EE0001179CA /* DBBoardGame+Extras.h */,
				5F16452713607EE0001179CA /* DBBoardGame+Extras.m */,
				5F5EE549137C1A850074F4EB /* DBCategory+Extras.h */,
				5F5EE54A137C1A850074F4EB /* DBCategory+Extras.m */,
				5F5EE59A137C1B9B0074F4EB /* DBMechanic+Extras.h */,
				5F5EE59B137C1B9B0074F4EB /* DBMechanic+Extras.m */,
				5F5EE59C137C1B9C0074F4EB /* DBPerson+Extras.h */,
				5F5EE59D137C1B9D0074F4EB /* DBPerson+Extras.m */,
				5F5EE59E137C1B9E0074F4EB /* DBPublisher+Extras.h */,
				5F5EE59F137C1B9E0074F4EB /* DBPublisher+Extras.m */,
			);
			name = Objects;
			sourceTree = "<group>";
		};
		5F16451E13607674001179CA /* List */ = {
			isa = PBXGroup;
			children = (
				5F16451F1360768C001179CA /* cell-background.png */,
				5F1645201360768C001179CA /* cell-background@2x.png */,
			);
			name = List;
			sourceTree = "<group>";
		};
		5F1F97B4135C7090007EB84C /* Products */ = {
			isa = PBXGroup;
			children = (
				5F1F97BD135C7091007EB84C /* libSSToolkit.a */,
				5F07A5711367229C007336DC /* SSToolkitTests.app */,
			);
			name = Products;
			sourceTree = "<group>";
		};
		5F1F97D5135C79DF007EB84C /* CollectionView */ = {
			isa = PBXGroup;
			children = (
				5F1F97D6135C7A57007EB84C /* menu-icon-selected.png */,
				5F1F97D7135C7A57007EB84C /* menu-icon-selected@2x.png */,
				5F1F97D8135C7A57007EB84C /* menu-icon.png */,
				5F1F97D9135C7A57007EB84C /* menu-icon@2x.png */,
			);
			name = CollectionView;
			sourceTree = "<group>";
		};
		5F2DC4BA136F070A00A9E924 /* Settings */ = {
			isa = PBXGroup;
			children = (
				5F2DC4C2136F073100A9E924 /* SettingsViewController.xib */,
				5F2DC4C0136F073100A9E924 /* SettingsViewController.h */,
				5F2DC4C1136F073100A9E924 /* SettingsViewController.m */,
			);
			name = Settings;
			sourceTree = "<group>";
		};
		5F32320013672E430051F624 /* WEPopover */ = {
			isa = PBXGroup;
			children = (
				5F32320113672EE90051F624 /* WEPopoverContainerView.h */,
				5F32320213672EE90051F624 /* WEPopoverContainerView.m */,
				5F32320313672EE90051F624 /* WEPopoverController.h */,
				5F32320413672EE90051F624 /* WEPopoverController.m */,
				5F32320513672EE90051F624 /* WEPopoverParentView.h */,
			);
			name = WEPopover;
			sourceTree = "<group>";
		};
		5F32320813672EF40051F624 /* WEPopover */ = {
			isa = PBXGroup;
			children = (
				5F10D46913718AC100E0B743 /* popup-back-small.png */,
				5F10D46A13718AC100E0B743 /* popup-back-small@2x.png */,
				5F32320913672F210051F624 /* popoverArrowDown.png */,
				5F32320A13672F210051F624 /* popoverArrowLeft.png */,
				5F32320B13672F210051F624 /* popoverArrowRight.png */,
				5F32320C13672F210051F624 /* popoverArrowUp.png */,
				5F32320D13672F210051F624 /* popoverBg.png */,
				5F32320E13672F210051F624 /* popoverBgSmall.png */,
			);
			name = WEPopover;
			sourceTree = "<group>";
		};
		5F43ECD3135F2BC4004EA6AB /* XPathQuery */ = {
			isa = PBXGroup;
			children = (
				5F43ECD4135F2BC4004EA6AB /* XPathQuery.h */,
				5F43ECD5135F2BC4004EA6AB /* XPathQuery.m */,
			);
			name = XPathQuery;
			path = ../../libs/XPathQuery;
			sourceTree = "<group>";
		};
		5F75743413400E1000C82F3B = {
			isa = PBXGroup;
			children = (
				5F75748D1340D9DD00C82F3B /* Dependencies */,
				5F75744913400E1000C82F3B /* bgg */,
				5F757598134142E200C82F3B /* Resources */,
				5F75744213400E1000C82F3B /* Frameworks */,
				5F75744013400E1000C82F3B /* Products */,
			);
			sourceTree = "<group>";
		};
		5F75744013400E1000C82F3B /* Products */ = {
			isa = PBXGroup;
			children = (
				5F75743F13400E1000C82F3B /* BGG.app */,
			);
			name = Products;
			sourceTree = "<group>";
		};
		5F75744213400E1000C82F3B /* Frameworks */ = {
			isa = PBXGroup;
			children = (
				5F43ECD7135F2C29004EA6AB /* libxml2.dylib */,
				5FEFA338135DE66700D53F28 /* libSSToolkit.a */,
				5F7575B7134145F400C82F3B /* Base */,
			);
			name = Frameworks;
			sourceTree = "<group>";
		};
		5F75744913400E1000C82F3B /* bgg */ = {
			isa = PBXGroup;
			children = (
				5F2DC4BA136F070A00A9E924 /* Settings */,
				5FDBA743135DC2AB001C8292 /* Data */,
				5FDBA742135DC26F001C8292 /* BoardGames */,
				5FDAAAB9134CBDA7002C97E0 /* Home */,
				5F7575DC134166CA00C82F3B /* Extensions */,
				5F75759C1341449C00C82F3B /* BGGAppDelegate.h */,
				5F75759D1341449C00C82F3B /* BGGAppDelegate.m */,
				5F75745513400E1000C82F3B /* MainWindow.xib */,
				5F75745B13400E1000C82F3B /* bggViewController.xib */,
				5F75759F134144C000C82F3B /* BGGViewController.h */,
				5F7575A0134144C100C82F3B /* BGGViewController.m */,
				5F7575B41341456700C82F3B /* Globals.h */,
				5F7575B51341456700C82F3B /* Globals.m */,
				5F75744A13400E1000C82F3B /* Supporting Files */,
			);
			path = bgg;
			sourceTree = "<group>";
		};
		5F75744A13400E1000C82F3B /* Supporting Files */ = {
			isa = PBXGroup;
			children = (
				5F75744B13400E1000C82F3B /* bgg-Info.plist */,
				5F75744C13400E1000C82F3B /* InfoPlist.strings */,
				5F75744F13400E1000C82F3B /* bgg-Prefix.pch */,
				5F75745013400E1000C82F3B /* main.m */,
			);
			name = "Supporting Files";
			sourceTree = "<group>";
		};
		5F75748D1340D9DD00C82F3B /* Dependencies */ = {
			isa = PBXGroup;
			children = (
				5F32320013672E430051F624 /* WEPopover */,
				5F43ECD3135F2BC4004EA6AB /* XPathQuery */,
				5FDBA763135DC724001C8292 /* TouchJSON */,
				5F1F97B3135C7090007EB84C /* SSToolkit.xcodeproj */,
			);
			name = Dependencies;
			sourceTree = "<group>";
		};
		5F757598134142E200C82F3B /* Resources */ = {
			isa = PBXGroup;
			children = (
				49A2F300137B2ED40021466C /* table-header.png */,
				49A2F2FE137B2EB70021466C /* table-cell.png */,
				5F32320813672EF40051F624 /* WEPopover */,
				5F16451E13607674001179CA /* List */,
				5F1F97D5135C79DF007EB84C /* CollectionView */,
				5F1F9778135C6FC0007EB84C /* SSToolkit.bundle */,
				5FCF605E135C45D600D9696E /* background.png */,
				5FCF605F135C45D600D9696E /* background@2x.png */,
				5FB4245D134B2244001E538A /* Breadcrumb */,
				5F757599134142E200C82F3B /* Images */,
			);
			name = Resources;
			path = bgg/Resources;
			sourceTree = "<group>";
		};
		5F757599134142E200C82F3B /* Images */ = {
			isa = PBXGroup;
			children = (
				5F2DC4E2136F165200A9E924 /* text-back.png */,
				5F2DC4E3136F165200A9E924 /* text-back@2x.png */,
				5F75759A134142E200C82F3B /* Icon.png */,
			);
			path = Images;
			sourceTree = "<group>";
		};
		5F7575B7134145F400C82F3B /* Base */ = {
			isa = PBXGroup;
			children = (
				5F2DC4E6136F16B400A9E924 /* Security.framework */,
				5FDBA759135DC3EE001C8292 /* CoreData.framework */,
				320AF8492C47A4D819F7C450 /* QuartzCore.framework */,
				5F75744313400E1000C82F3B /* UIKit.framework */,
				5F75744513400E1000C82F3B /* Foundation.framework */,
				5F75744713400E1000C82F3B /* CoreGraphics.framework */,
			);
			name = Base;
			sourceTree = "<group>";
		};
		5F7575DC134166CA00C82F3B /* Extensions */ = {
			isa = PBXGroup;
			children = (
				5F2DC4CD136F0CF800A9E924 /* KeychainUtils.h */,
				5F2DC4CE136F0CF800A9E924 /* KeychainUtils.m */,
				5F6C7797135E10AD00891634 /* StorageHelper.h */,
				5F6C7798135E10AD00891634 /* StorageHelper.m */,
				5F7575DD134166DA00C82F3B /* BreadcrumbView.xib */,
				5F07A55D13670F2A007336DC /* IBreadcrumbMenuDelegate.h */,
				5F1D64FF136F6084004D76CD /* IBreadcrumbController.h */,
				5F7575DE134166DA00C82F3B /* BreadcrumbViewController.h */,
				5F7575DF134166DA00C82F3B /* BreadcrumbViewController.m */,
				5F7575E2134166F700C82F3B /* StackSegmentedControl.h */,
				5F7575E3134166F700C82F3B /* StackSegmentedControl.m */,
			);
			name = Extensions;
			sourceTree = "<group>";
		};
		5FB4245D134B2244001E538A /* Breadcrumb */ = {
			isa = PBXGroup;
			children = (
				5FCF604A135C45C200D9696E /* breadcrumb-back.png */,
				5FCF604B135C45C200D9696E /* breadcrumb-back@2x.png */,
				5FCF604C135C45C200D9696E /* breadcrumb-home-selected.png */,
				5FCF604D135C45C200D9696E /* breadcrumb-home-selected@2x.png */,
				5FCF604E135C45C200D9696E /* breadcrumb-home.png */,
				5FCF604F135C45C200D9696E /* breadcrumb-home@2x.png */,
				5FCF6050135C45C200D9696E /* breadcrumb-step-selected.png */,
				5FCF6051135C45C300D9696E /* breadcrumb-step-selected@2x.png */,
				5FCF6052135C45C300D9696E /* breadcrumb-step.png */,
				5FCF6053135C45C300D9696E /* breadcrumb-step@2x.png */,
			);
			name = Breadcrumb;
			sourceTree = "<group>";
		};
		5FDAAAB9134CBDA7002C97E0 /* Home */ = {
			isa = PBXGroup;
			children = (
				5FDAAABC134CBDBC002C97E0 /* HomeViewController.xib */,
				5FDAAABA134CBDBC002C97E0 /* HomeViewController.h */,
				5FDAAABB134CBDBC002C97E0 /* HomeViewController.m */,
			);
			name = Home;
			sourceTree = "<group>";
		};
		5FDBA742135DC26F001C8292 /* BoardGames */ = {
			isa = PBXGroup;
			children = (
				5FEFA333135DE58C00D53F28 /* InitialSyncViewController.h */,
				5FEFA334135DE58C00D53F28 /* InitialSyncViewController.m */,
				5F16451B13606A8B001179CA /* BoardGameListController.xib */,
				5F16451913606A8B001179CA /* BoardGameListController.h */,
				5F16451A13606A8B001179CA /* BoardGameListController.m */,
				5F164523136077FA001179CA /* BoardGameListCell.h */,
				5F164524136077FA001179CA /* BoardGameListCell.m */,
				49FAF6451378705D00CC4D43 /* BoardGameController.h */,
				49FAF6461378705D00CC4D43 /* BoardGameController.m */,
				49FAF6471378705D00CC4D43 /* BoardGameController.xib */,
				49A2F2DA137990980021466C /* BoardGameHeaderCell.h */,
				49A2F2DB137991090021466C /* BoardGameHeaderCell.m */,
				49A2F2FB137B09CD0021466C /* BoardGameRatingCell.h */,
				49A2F2FC137B09CE0021466C /* BoardGameRatingCell.m */,
			);
			name = BoardGames;
			sourceTree = "<group>";
		};
		5FDBA743135DC2AB001C8292 /* Data */ = {
			isa = PBXGroup;
			children = (
				5FDBA784135DD161001C8292 /* Parser */,
				5FDBA75F135DC644001C8292 /* WS */,
				5FDBA75E135DC638001C8292 /* DB */,
			);
			name = Data;
			sourceTree = "<group>";
		};
		5FDBA75E135DC638001C8292 /* DB */ = {
			isa = PBXGroup;
			children = (
				5F164515136068B8001179CA /* Objects */,
				5FDBA744135DC2C6001C8292 /* Model.xcdatamodeld */,
				5FDBA75B135DC5EA001C8292 /* DataAccess.h */,
				5FDBA75C135DC5EA001C8292 /* DataAccess.m */,
				5F1645001360674A001179CA /* DataAccess+BoardGame.h */,
				5F1645011360674A001179CA /* DataAccess+BoardGame.m */,
				5F5EE592137C1B940074F4EB /* DataAccess+Category.h */,
				5F5EE593137C1B950074F4EB /* DataAccess+Category.m */,
				5F5EE594137C1B950074F4EB /* DataAccess+Mechanic.h */,
				5F5EE595137C1B950074F4EB /* DataAccess+Mechanic.m */,
				5F5EE596137C1B9A0074F4EB /* DataAccess+Person.h */,
				5F5EE597137C1B9A0074F4EB /* DataAccess+Person.m */,
				5F5EE598137C1B9B0074F4EB /* DataAccess+Publisher.h */,
				5F5EE599137C1B9B0074F4EB /* DataAccess+Publisher.m */,
			);
			name = DB;
			sourceTree = "<group>";
		};
		5FDBA75F135DC644001C8292 /* WS */ = {
			isa = PBXGroup;
			children = (
				5FDBA781135DD15A001C8292 /* DataLoader.h */,
				5FDBA782135DD15B001C8292 /* DataLoader.m */,
				5FDBA760135DC64E001C8292 /* RemoteConnector.h */,
				5FDBA761135DC64E001C8292 /* RemoteConnector.m */,
				5FDBA795135DD304001C8292 /* GamesRemoteConnector.h */,
				5FDBA796135DD304001C8292 /* GamesRemoteConnector.m */,
			);
			name = WS;
			sourceTree = "<group>";
		};
		5FDBA763135DC724001C8292 /* TouchJSON */ = {
			isa = PBXGroup;
			children = (
				5FDBA764135DC724001C8292 /* CDataScanner.h */,
				5FDBA765135DC724001C8292 /* CDataScanner.m */,
				5FDBA766135DC724001C8292 /* Extensions */,
				5FDBA76B135DC724001C8292 /* JSON */,
			);
			name = TouchJSON;
			path = ../../libs/TouchJSON;
			sourceTree = "<group>";
		};
		5FDBA766135DC724001C8292 /* Extensions */ = {
			isa = PBXGroup;
			children = (
				5FDBA767135DC724001C8292 /* CDataScanner_Extensions.h */,
				5FDBA768135DC724001C8292 /* CDataScanner_Extensions.m */,
				5FDBA769135DC724001C8292 /* NSDictionary_JSONExtensions.h */,
				5FDBA76A135DC724001C8292 /* NSDictionary_JSONExtensions.m */,
			);
			path = Extensions;
			sourceTree = "<group>";
		};
		5FDBA76B135DC724001C8292 /* JSON */ = {
			isa = PBXGroup;
			children = (
				5FDBA76C135DC724001C8292 /* CJSONDeserializer.h */,
				5FDBA76D135DC724001C8292 /* CJSONDeserializer.m */,
				5FDBA76E135DC724001C8292 /* CJSONScanner.h */,
				5FDBA76F135DC724001C8292 /* CJSONScanner.m */,
				5FDBA770135DC724001C8292 /* CJSONSerializer.h */,
				5FDBA771135DC724001C8292 /* CJSONSerializer.m */,
				5FDBA772135DC724001C8292 /* JSONRepresentation.h */,
			);
			path = JSON;
			sourceTree = "<group>";
		};
		5FDBA784135DD161001C8292 /* Parser */ = {
			isa = PBXGroup;
			children = (
				5FDBA794135DD20C001C8292 /* Objects */,
				5FDBA785135DD182001C8292 /* BGGHTMLScraper.h */,
				5FDBA786135DD182001C8292 /* BGGHTMLScraper.m */,
				5F10D4631370BF6F00E0B743 /* BGGXMLScraper.h */,
				5F10D4641370BF6F00E0B743 /* BGGXMLScraper.m */,
			);
			name = Parser;
			sourceTree = "<group>";
		};
		5FDBA794135DD20C001C8292 /* Objects */ = {
			isa = PBXGroup;
			children = (
				5F10D4661370D01400E0B743 /* BGGBoardGame.h */,
				5F10D4671370D01400E0B743 /* BGGBoardGame.m */,
				5FDBA788135DD206001C8292 /* BGGBoardGameLookup.h */,
				5FDBA789135DD206001C8292 /* BGGBoardGameLookup.m */,
				5F5EE590137C1B940074F4EB /* BGGIdNameLookup.h */,
				5F5EE591137C1B940074F4EB /* BGGIdNameLookup.m */,
			);
			name = Objects;
			sourceTree = "<group>";
		};
/* End PBXGroup section */

/* Begin PBXNativeTarget section */
		5F75743E13400E1000C82F3B /* BGG */ = {
			isa = PBXNativeTarget;
			buildConfigurationList = 5F75747613400E1000C82F3B /* Build configuration list for PBXNativeTarget "BGG" */;
			buildPhases = (
				5F75743B13400E1000C82F3B /* Sources */,
				5F75743C13400E1000C82F3B /* Frameworks */,
				5F75743D13400E1000C82F3B /* Resources */,
			);
			buildRules = (
			);
			dependencies = (
				5FEFA337135DE66200D53F28 /* PBXTargetDependency */,
			);
			name = BGG;
			productName = bgg;
			productReference = 5F75743F13400E1000C82F3B /* BGG.app */;
			productType = "com.apple.product-type.application";
		};
/* End PBXNativeTarget section */

/* Begin PBXProject section */
		5F75743613400E1000C82F3B /* Project object */ = {
			isa = PBXProject;
			attributes = {
				ORGANIZATIONNAME = "Imaginary Factory";
			};
			buildConfigurationList = 5F75743913400E1000C82F3B /* Build configuration list for PBXProject "bgg" */;
			compatibilityVersion = "Xcode 3.2";
			developmentRegion = English;
			hasScannedForEncodings = 0;
			knownRegions = (
				en,
			);
			mainGroup = 5F75743413400E1000C82F3B;
			productRefGroup = 5F75744013400E1000C82F3B /* Products */;
			projectDirPath = "";
			projectReferences = (
				{
					ProductGroup = 5F1F97B4135C7090007EB84C /* Products */;
					ProjectRef = 5F1F97B3135C7090007EB84C /* SSToolkit.xcodeproj */;
				},
			);
			projectRoot = "";
			targets = (
				5F75743E13400E1000C82F3B /* BGG */,
			);
		};
/* End PBXProject section */

/* Begin PBXReferenceProxy section */
		5F07A5711367229C007336DC /* SSToolkitTests.app */ = {
			isa = PBXReferenceProxy;
			fileType = wrapper.application;
			path = SSToolkitTests.app;
			remoteRef = 5F07A5701367229C007336DC /* PBXContainerItemProxy */;
			sourceTree = BUILT_PRODUCTS_DIR;
		};
		5F1F97BD135C7091007EB84C /* libSSToolkit.a */ = {
			isa = PBXReferenceProxy;
			fileType = archive.ar;
			path = libSSToolkit.a;
			remoteRef = 5F1F97BC135C7091007EB84C /* PBXContainerItemProxy */;
			sourceTree = BUILT_PRODUCTS_DIR;
		};
/* End PBXReferenceProxy section */

/* Begin PBXResourcesBuildPhase section */
		5F75743D13400E1000C82F3B /* Resources */ = {
			isa = PBXResourcesBuildPhase;
			buildActionMask = 2147483647;
			files = (
				5F75744E13400E1000C82F3B /* InfoPlist.strings in Resources */,
				5F75745713400E1000C82F3B /* MainWindow.xib in Resources */,
				5F75745D13400E1000C82F3B /* bggViewController.xib in Resources */,
				5F75759B134142E200C82F3B /* Icon.png in Resources */,
				5F7575E0134166DA00C82F3B /* BreadcrumbView.xib in Resources */,
				5FCF6054135C45C300D9696E /* breadcrumb-back.png in Resources */,
				5FCF6055135C45C300D9696E /* breadcrumb-back@2x.png in Resources */,
				5FCF6056135C45C300D9696E /* breadcrumb-home-selected.png in Resources */,
				5FCF6057135C45C300D9696E /* breadcrumb-home-selected@2x.png in Resources */,
				5FCF6058135C45C300D9696E /* breadcrumb-home.png in Resources */,
				5FCF6059135C45C300D9696E /* breadcrumb-home@2x.png in Resources */,
				5FCF605A135C45C300D9696E /* breadcrumb-step-selected.png in Resources */,
				5FCF605B135C45C300D9696E /* breadcrumb-step-selected@2x.png in Resources */,
				5FCF605C135C45C300D9696E /* breadcrumb-step.png in Resources */,
				5FCF605D135C45C300D9696E /* breadcrumb-step@2x.png in Resources */,
				5FCF6060135C45D600D9696E /* background.png in Resources */,
				5FCF6061135C45D600D9696E /* background@2x.png in Resources */,
				5F1F9779135C6FC1007EB84C /* SSToolkit.bundle in Resources */,
				5F1F97DA135C7A57007EB84C /* menu-icon-selected.png in Resources */,
				5F1F97DB135C7A57007EB84C /* menu-icon-selected@2x.png in Resources */,
				5F1F97DC135C7A57007EB84C /* menu-icon.png in Resources */,
				5F1F97DD135C7A57007EB84C /* menu-icon@2x.png in Resources */,
				5F1F97E8135C7DF6007EB84C /* HomeViewController.xib in Resources */,
				5F16451D13606A8C001179CA /* BoardGameListController.xib in Resources */,
				5F1645211360768C001179CA /* cell-background.png in Resources */,
				5F1645221360768C001179CA /* cell-background@2x.png in Resources */,
				5F32320F13672F210051F624 /* popoverArrowDown.png in Resources */,
				5F32321013672F210051F624 /* popoverArrowLeft.png in Resources */,
				5F32321113672F210051F624 /* popoverArrowRight.png in Resources */,
				5F32321213672F210051F624 /* popoverArrowUp.png in Resources */,
				5F32321313672F210051F624 /* popoverBg.png in Resources */,
				5F32321413672F210051F624 /* popoverBgSmall.png in Resources */,
				5F2DC4C4136F073100A9E924 /* SettingsViewController.xib in Resources */,
				5F2DC4E4136F165200A9E924 /* text-back.png in Resources */,
				5F2DC4E5136F165200A9E924 /* text-back@2x.png in Resources */,
				5F10D46B13718AC200E0B743 /* popup-back-small.png in Resources */,
				5F10D46C13718AC200E0B743 /* popup-back-small@2x.png in Resources */,
				49FAF6491378705D00CC4D43 /* BoardGameController.xib in Resources */,
				49A2F2FF137B2EB80021466C /* table-cell.png in Resources */,
				49A2F301137B2ED40021466C /* table-header.png in Resources */,
			);
			runOnlyForDeploymentPostprocessing = 0;
		};
/* End PBXResourcesBuildPhase section */

/* Begin PBXSourcesBuildPhase section */
		5F75743B13400E1000C82F3B /* Sources */ = {
			isa = PBXSourcesBuildPhase;
			buildActionMask = 2147483647;
			files = (
				5F75745113400E1000C82F3B /* main.m in Sources */,
				5F75759E1341449C00C82F3B /* BGGAppDelegate.m in Sources */,
				5F7575A1134144C100C82F3B /* BGGViewController.m in Sources */,
				5F7575B61341456800C82F3B /* Globals.m in Sources */,
				5F7575E1134166DA00C82F3B /* BreadcrumbViewController.m in Sources */,
				5F7575E4134166F700C82F3B /* StackSegmentedControl.m in Sources */,
				5FDAAABD134CBDBC002C97E0 /* HomeViewController.m in Sources */,
				5FDBA746135DC2C6001C8292 /* Model.xcdatamodeld in Sources */,
				5FDBA75D135DC5EA001C8292 /* DataAccess.m in Sources */,
				5FDBA762135DC64E001C8292 /* RemoteConnector.m in Sources */,
				5FDBA773135DC724001C8292 /* CDataScanner.m in Sources */,
				5FDBA774135DC724001C8292 /* CDataScanner_Extensions.m in Sources */,
				5FDBA775135DC724001C8292 /* NSDictionary_JSONExtensions.m in Sources */,
				5FDBA776135DC724001C8292 /* CJSONDeserializer.m in Sources */,
				5FDBA777135DC724001C8292 /* CJSONScanner.m in Sources */,
				5FDBA778135DC724001C8292 /* CJSONSerializer.m in Sources */,
				5FDBA783135DD15B001C8292 /* DataLoader.m in Sources */,
				5FDBA787135DD182001C8292 /* BGGHTMLScraper.m in Sources */,
				5FDBA790135DD207001C8292 /* BGGBoardGameLookup.m in Sources */,
				5FDBA797135DD304001C8292 /* GamesRemoteConnector.m in Sources */,
				5FEFA335135DE58C00D53F28 /* InitialSyncViewController.m in Sources */,
				5F6C7799135E10AD00891634 /* StorageHelper.m in Sources */,
				5F43ECD6135F2BC4004EA6AB /* XPathQuery.m in Sources */,
				5F1645021360674A001179CA /* DataAccess+BoardGame.m in Sources */,
				5F16451C13606A8C001179CA /* BoardGameListController.m in Sources */,
				5F164525136077FB001179CA /* BoardGameListCell.m in Sources */,
				5F16452813607EE1001179CA /* DBBoardGame+Extras.m in Sources */,
				5F32320613672EE90051F624 /* WEPopoverContainerView.m in Sources */,
				5F32320713672EE90051F624 /* WEPopoverController.m in Sources */,
				5F2DC4C3136F073100A9E924 /* SettingsViewController.m in Sources */,
				5F2DC4CF136F0CF800A9E924 /* KeychainUtils.m in Sources */,
				5F10D4651370BF6F00E0B743 /* BGGXMLScraper.m in Sources */,
				5F10D4681370D01400E0B743 /* BGGBoardGame.m in Sources */,
				5F83B557137191E4003B726E /* DBCategory.m in Sources */,
				5F83B55A137191E4003B726E /* DBVideos.m in Sources */,
				5F83B55D137191E5003B726E /* DBPerson.m in Sources */,
				5F83B560137191E5003B726E /* DBPublisher.m in Sources */,
				5F83B563137191E5003B726E /* DBBoardGame.m in Sources */,
				5F83B566137191E5003B726E /* DBMechanic.m in Sources */,
				49FAF6481378705D00CC4D43 /* BoardGameController.m in Sources */,
				49A2F2DC137991090021466C /* BoardGameHeaderCell.m in Sources */,
				49A2F2FD137B09CE0021466C /* BoardGameRatingCell.m in Sources */,
				5F5EE54B137C1A850074F4EB /* DBCategory+Extras.m in Sources */,
				5F5EE5A0137C1B9E0074F4EB /* BGGIdNameLookup.m in Sources */,
				5F5EE5A1137C1B9E0074F4EB /* DataAccess+Category.m in Sources */,
				5F5EE5A2137C1B9E0074F4EB /* DataAccess+Mechanic.m in Sources */,
				5F5EE5A3137C1B9E0074F4EB /* DataAccess+Person.m in Sources */,
				5F5EE5A4137C1B9E0074F4EB /* DataAccess+Publisher.m in Sources */,
				5F5EE5A5137C1B9E0074F4EB /* DBMechanic+Extras.m in Sources */,
				5F5EE5A6137C1B9E0074F4EB /* DBPerson+Extras.m in Sources */,
				5F5EE5A7137C1B9E0074F4EB /* DBPublisher+Extras.m in Sources */,
			);
			runOnlyForDeploymentPostprocessing = 0;
		};
/* End PBXSourcesBuildPhase section */

/* Begin PBXTargetDependency section */
		5FEFA337135DE66200D53F28 /* PBXTargetDependency */ = {
			isa = PBXTargetDependency;
			name = SSToolkit;
			targetProxy = 5FEFA336135DE66200D53F28 /* PBXContainerItemProxy */;
		};
/* End PBXTargetDependency section */

/* Begin PBXVariantGroup section */
		5F75744C13400E1000C82F3B /* InfoPlist.strings */ = {
			isa = PBXVariantGroup;
			children = (
				5F75744D13400E1000C82F3B /* en */,
			);
			name = InfoPlist.strings;
			sourceTree = "<group>";
		};
		5F75745513400E1000C82F3B /* MainWindow.xib */ = {
			isa = PBXVariantGroup;
			children = (
				5F75745613400E1000C82F3B /* en */,
			);
			name = MainWindow.xib;
			sourceTree = "<group>";
		};
		5F75745B13400E1000C82F3B /* bggViewController.xib */ = {
			isa = PBXVariantGroup;
			children = (
				5F75745C13400E1000C82F3B /* en */,
			);
			name = bggViewController.xib;
			sourceTree = "<group>";
		};
/* End PBXVariantGroup section */

/* Begin XCBuildConfiguration section */
		5F75747413400E1000C82F3B /* Debug */ = {
			isa = XCBuildConfiguration;
			buildSettings = {
				ARCHS = "$(ARCHS_STANDARD_32_BIT)";
				"CODE_SIGN_IDENTITY[sdk=iphoneos*]" = "iPhone Developer: Joao Caxaria (8DUJ4L9857)";
				GCC_C_LANGUAGE_STANDARD = gnu99;
				GCC_OPTIMIZATION_LEVEL = 0;
				GCC_PREPROCESSOR_DEFINITIONS = DEBUG;
				GCC_SYMBOLS_PRIVATE_EXTERN = NO;
				GCC_VERSION = com.apple.compilers.llvmgcc42;
				GCC_WARN_ABOUT_RETURN_TYPE = YES;
				GCC_WARN_UNUSED_VARIABLE = YES;
				HEADER_SEARCH_PATHS = (
					"$(BUILT_PRODUCTS_DIR)/../three20",
					"$(SDKROOT)/usr/include/libxml2",
				);
				IPHONEOS_DEPLOYMENT_TARGET = 3.0;
				OTHER_LDFLAGS = "-ObjC";
				"PROVISIONING_PROFILE[sdk=iphoneos*]" = "FDEBC9D3-4828-47B2-A9AD-CBD51544EA20";
				SDKROOT = iphoneos;
			};
			name = Debug;
		};
		5F75747513400E1000C82F3B /* Release */ = {
			isa = XCBuildConfiguration;
			buildSettings = {
				ARCHS = "$(ARCHS_STANDARD_32_BIT)";
				"CODE_SIGN_IDENTITY[sdk=iphoneos*]" = "iPhone Developer: Joao Caxaria (8DUJ4L9857)";
				GCC_C_LANGUAGE_STANDARD = gnu99;
				GCC_VERSION = com.apple.compilers.llvmgcc42;
				GCC_WARN_ABOUT_RETURN_TYPE = YES;
				GCC_WARN_UNUSED_VARIABLE = YES;
				HEADER_SEARCH_PATHS = (
					"$(BUILT_PRODUCTS_DIR)/../three20",
					"$(SDKROOT)/usr/include/libxml2",
				);
				IPHONEOS_DEPLOYMENT_TARGET = 3.0;
				OTHER_CFLAGS = "-DNS_BLOCK_ASSERTIONS=1";
				OTHER_LDFLAGS = "-ObjC";
				"PROVISIONING_PROFILE[sdk=iphoneos*]" = "FDEBC9D3-4828-47B2-A9AD-CBD51544EA20";
				SDKROOT = iphoneos;
			};
			name = Release;
		};
		5F75747713400E1000C82F3B /* Debug */ = {
			isa = XCBuildConfiguration;
			buildSettings = {
				ALWAYS_SEARCH_USER_PATHS = NO;
				COPY_PHASE_STRIP = NO;
				GCC_DYNAMIC_NO_PIC = NO;
				GCC_PRECOMPILE_PREFIX_HEADER = YES;
				GCC_PREFIX_HEADER = "bgg/bgg-Prefix.pch";
				GCC_VERSION = com.apple.compilers.llvmgcc42;
				INFOPLIST_FILE = "bgg/bgg-Info.plist";
				IPHONEOS_DEPLOYMENT_TARGET = 3.0;
				LIBRARY_SEARCH_PATHS = (
					"$(inherited)",
					"\"$(SRCROOT)\"",
				);
				OTHER_LDFLAGS = (
					"-ObjC",
					"-all_load",
				);
				PRODUCT_NAME = "$(TARGET_NAME)";
				USER_HEADER_SEARCH_PATHS = "$(SOURCE_ROOT)/../../libs/sstoolkit/SSToolkit $(SDKROOT)/usr/include/libxml2/**";
				WRAPPER_EXTENSION = app;
			};
			name = Debug;
		};
		5F75747813400E1000C82F3B /* Release */ = {
			isa = XCBuildConfiguration;
			buildSettings = {
				ALWAYS_SEARCH_USER_PATHS = NO;
				COPY_PHASE_STRIP = YES;
				GCC_PRECOMPILE_PREFIX_HEADER = YES;
				GCC_PREFIX_HEADER = "bgg/bgg-Prefix.pch";
				GCC_VERSION = com.apple.compilers.llvmgcc42;
				INFOPLIST_FILE = "bgg/bgg-Info.plist";
				IPHONEOS_DEPLOYMENT_TARGET = 3.0;
				LIBRARY_SEARCH_PATHS = (
					"$(inherited)",
					"\"$(SRCROOT)\"",
				);
				OTHER_LDFLAGS = (
					"-ObjC",
					"-all_load",
				);
				PRODUCT_NAME = "$(TARGET_NAME)";
				USER_HEADER_SEARCH_PATHS = "$(SOURCE_ROOT)/../../libs/sstoolkit/SSToolkit $(SDKROOT)/usr/include/libxml2/**";
				VALIDATE_PRODUCT = YES;
				WRAPPER_EXTENSION = app;
			};
			name = Release;
		};
/* End XCBuildConfiguration section */

/* Begin XCConfigurationList section */
		5F75743913400E1000C82F3B /* Build configuration list for PBXProject "bgg" */ = {
			isa = XCConfigurationList;
			buildConfigurations = (
				5F75747413400E1000C82F3B /* Debug */,
				5F75747513400E1000C82F3B /* Release */,
			);
			defaultConfigurationIsVisible = 0;
			defaultConfigurationName = Release;
		};
		5F75747613400E1000C82F3B /* Build configuration list for PBXNativeTarget "BGG" */ = {
			isa = XCConfigurationList;
			buildConfigurations = (
				5F75747713400E1000C82F3B /* Debug */,
				5F75747813400E1000C82F3B /* Release */,
			);
			defaultConfigurationIsVisible = 0;
			defaultConfigurationName = Release;
		};
/* End XCConfigurationList section */

/* Begin XCVersionGroup section */
		5FDBA744135DC2C6001C8292 /* Model.xcdatamodeld */ = {
			isa = XCVersionGroup;
			children = (
				5FDBA745135DC2C6001C8292 /* Model.xcdatamodel */,
			);
			currentVersion = 5FDBA745135DC2C6001C8292 /* Model.xcdatamodel */;
			path = Model.xcdatamodeld;
			sourceTree = "<group>";
			versionGroupType = wrapper.xcdatamodel;
		};
/* End XCVersionGroup section */
	};
	rootObject = 5F75743613400E1000C82F3B /* Project object */;
}
